
Microsoft Visual Studio Solution File, Format Version 12.00
# Visual Studio Version 17
VisualStudioVersion = 17.5.002.0
MinimumVisualStudioVersion = 10.0.40219.1
Project("{9A19103F-16F7-4668-BE54-9A1E7A4F7556}") = "Hello", "Hello.csproj", "{D4D1BB08-B16C-4329-B917-56D784BDD1A9}"
EndProject
Global
	GlobalSection(SolutionConfigurationPlatforms) = preSolution
		Debug|Any CPU = Debug|Any CPU
		Release|Any CPU = Release|Any CPU
	EndGlobalSection
	GlobalSection(ProjectConfigurationPlatforms) = postSolution
		{D4D1BB08-B16C-4329-B917-56D784BDD1A9}.Debug|Any CPU.ActiveCfg = Debug|Any CPU
		{D4D1BB08-B16C-4329-B917-56D784BDD1A9}.Debug|Any CPU.Build.0 = Debug|Any CPU
		{D4D1BB08-B16C-4329-B917-56D784BDD1A9}.Release|Any CPU.ActiveCfg = Release|Any CPU
		{D4D1BB08-B16C-4329-B917-56D784BDD1A9}.Release|Any CPU.Build.0 = Release|Any CPU
	EndGlobalSection
	GlobalSection(SolutionProperties) = preSolution
		HideSolutionNode = FALSE
	EndGlobalSection
	GlobalSection(ExtensibilityGlobals) = postSolution
		SolutionGuid = {D5421799-F8F2-4654-8DE3-F51A46C1EA11}
	EndGlobalSection
EndGlobal
