Microsoft Visual Studio Solution File, Format Version 12.00
# Visual Studio Version 17
VisualStudioVersion = 17.0.31903.59
MinimumVisualStudioVersion = 10.0.40219.1
Project("{2150E333-8FDC-42A3-9474-1A3956D46DE8}") = "src", "src", "{290F9824-BAD3-4703-B9B7-FE9C4BE3A1CF}"
EndProject
Project("{FAE04EC0-301F-11D3-BF4B-00C04F79EFBC}") = "Microsoft.AI.Agents", "src\Microsoft.AI.Agents\Microsoft.AI.Agents.csproj", "{B0BF1CD6-34E3-4ED4-9B2A-9B8781E9BE20}"
EndProject
Project("{FAE04EC0-301F-11D3-BF4B-00C04F79EFBC}") = "Microsoft.AI.Agents.Dapr", "src\Microsoft.AI.Agents.Dapr\Microsoft.AI.Agents.Dapr.csproj", "{1972846E-4C21-4E40-B448-D78B73806BD9}"
EndProject
Project("{FAE04EC0-301F-11D3-BF4B-00C04F79EFBC}") = "Microsoft.AI.Agents.Orleans", "src\Microsoft.AI.Agents.Orleans\Microsoft.AI.Agents.Orleans.csproj", "{A4AE4656-4919-45E2-9680-C317FBCF7693}"
EndProject
Project("{2150E333-8FDC-42A3-9474-1A3956D46DE8}") = "samples", "samples", "{943853E7-513D-45EA-870F-549CFC0AF8E8}"
EndProject
Project("{2150E333-8FDC-42A3-9474-1A3956D46DE8}") = "gh-flow", "gh-flow", "{E0E93575-7187-4975-8D72-6F285CD01767}"
EndProject
Project("{2150E333-8FDC-42A3-9474-1A3956D46DE8}") = "src", "src", "{50809508-F830-4553-9C4E-C802E0A0F690}"
EndProject
Project("{FAE04EC0-301F-11D3-BF4B-00C04F79EFBC}") = "Microsoft.AI.DevTeam", "samples\gh-flow\src\Microsoft.AI.DevTeam\Microsoft.AI.DevTeam.csproj", "{79981945-61F7-4E1A-8949-7808FD75471B}"
EndProject
Project("{FAE04EC0-301F-11D3-BF4B-00C04F79EFBC}") = "Microsoft.AI.DevTeam.Dapr", "samples\gh-flow\src\Microsoft.AI.DevTeam.Dapr\Microsoft.AI.DevTeam.Dapr.csproj", "{A7677950-18F1-42FF-8018-870395417465}"
EndProject
Project("{2150E333-8FDC-42A3-9474-1A3956D46DE8}") = "marketing", "marketing", "{1FF691E4-E27D-4A7E-861C-4D6291B6EE35}"
EndProject
Project("{2150E333-8FDC-42A3-9474-1A3956D46DE8}") = "src", "src", "{4225F3BA-A39D-4680-945E-F2869E98AEA2}"
EndProject
Project("{FAE04EC0-301F-11D3-BF4B-00C04F79EFBC}") = "Marketing", "samples\marketing\src\backend\Marketing.csproj", "{62F276F3-9184-4908-A7FB-065B4E491BE2}"
EndProject
Project("{FAE04EC0-301F-11D3-BF4B-00C04F79EFBC}") = "seed-memory", "samples\gh-flow\src\seed-memory\seed-memory.csproj", "{EF5DF177-F4F2-49D5-9E1C-2E37869238D8}"
EndProject
Global
	GlobalSection(SolutionConfigurationPlatforms) = preSolution
		Debug|Any CPU = Debug|Any CPU
		Release|Any CPU = Release|Any CPU
	EndGlobalSection
	GlobalSection(ProjectConfigurationPlatforms) = postSolution
		{B0BF1CD6-34E3-4ED4-9B2A-9B8781E9BE20}.Debug|Any CPU.ActiveCfg = Debug|Any CPU
		{B0BF1CD6-34E3-4ED4-9B2A-9B8781E9BE20}.Debug|Any CPU.Build.0 = Debug|Any CPU
		{B0BF1CD6-34E3-4ED4-9B2A-9B8781E9BE20}.Release|Any CPU.ActiveCfg = Release|Any CPU
		{B0BF1CD6-34E3-4ED4-9B2A-9B8781E9BE20}.Release|Any CPU.Build.0 = Release|Any CPU
		{1972846E-4C21-4E40-B448-D78B73806BD9}.Debug|Any CPU.ActiveCfg = Debug|Any CPU
		{1972846E-4C21-4E40-B448-D78B73806BD9}.Debug|Any CPU.Build.0 = Debug|Any CPU
		{1972846E-4C21-4E40-B448-D78B73806BD9}.Release|Any CPU.ActiveCfg = Release|Any CPU
		{1972846E-4C21-4E40-B448-D78B73806BD9}.Release|Any CPU.Build.0 = Release|Any CPU
		{A4AE4656-4919-45E2-9680-C317FBCF7693}.Debug|Any CPU.ActiveCfg = Debug|Any CPU
		{A4AE4656-4919-45E2-9680-C317FBCF7693}.Debug|Any CPU.Build.0 = Debug|Any CPU
		{A4AE4656-4919-45E2-9680-C317FBCF7693}.Release|Any CPU.ActiveCfg = Release|Any CPU
		{A4AE4656-4919-45E2-9680-C317FBCF7693}.Release|Any CPU.Build.0 = Release|Any CPU
		{79981945-61F7-4E1A-8949-7808FD75471B}.Debug|Any CPU.ActiveCfg = Debug|Any CPU
		{79981945-61F7-4E1A-8949-7808FD75471B}.Debug|Any CPU.Build.0 = Debug|Any CPU
		{79981945-61F7-4E1A-8949-7808FD75471B}.Release|Any CPU.ActiveCfg = Release|Any CPU
		{79981945-61F7-4E1A-8949-7808FD75471B}.Release|Any CPU.Build.0 = Release|Any CPU
		{A7677950-18F1-42FF-8018-870395417465}.Debug|Any CPU.ActiveCfg = Debug|Any CPU
		{A7677950-18F1-42FF-8018-870395417465}.Debug|Any CPU.Build.0 = Debug|Any CPU
		{A7677950-18F1-42FF-8018-870395417465}.Release|Any CPU.ActiveCfg = Release|Any CPU
		{A7677950-18F1-42FF-8018-870395417465}.Release|Any CPU.Build.0 = Release|Any CPU
		{62F276F3-9184-4908-A7FB-065B4E491BE2}.Debug|Any CPU.ActiveCfg = Debug|Any CPU
		{62F276F3-9184-4908-A7FB-065B4E491BE2}.Debug|Any CPU.Build.0 = Debug|Any CPU
		{62F276F3-9184-4908-A7FB-065B4E491BE2}.Release|Any CPU.ActiveCfg = Release|Any CPU
		{62F276F3-9184-4908-A7FB-065B4E491BE2}.Release|Any CPU.Build.0 = Release|Any CPU
		{EF5DF177-F4F2-49D5-9E1C-2E37869238D8}.Debug|Any CPU.ActiveCfg = Debug|Any CPU
		{EF5DF177-F4F2-49D5-9E1C-2E37869238D8}.Debug|Any CPU.Build.0 = Debug|Any CPU
		{EF5DF177-F4F2-49D5-9E1C-2E37869238D8}.Release|Any CPU.ActiveCfg = Release|Any CPU
		{EF5DF177-F4F2-49D5-9E1C-2E37869238D8}.Release|Any CPU.Build.0 = Release|Any CPU
	EndGlobalSection
	GlobalSection(SolutionProperties) = preSolution
		HideSolutionNode = FALSE
	EndGlobalSection
	GlobalSection(NestedProjects) = preSolution
		{B0BF1CD6-34E3-4ED4-9B2A-9B8781E9BE20} = {290F9824-BAD3-4703-B9B7-FE9C4BE3A1CF}
		{1972846E-4C21-4E40-B448-D78B73806BD9} = {290F9824-BAD3-4703-B9B7-FE9C4BE3A1CF}
		{A4AE4656-4919-45E2-9680-C317FBCF7693} = {290F9824-BAD3-4703-B9B7-FE9C4BE3A1CF}
		{E0E93575-7187-4975-8D72-6F285CD01767} = {943853E7-513D-45EA-870F-549CFC0AF8E8}
		{50809508-F830-4553-9C4E-C802E0A0F690} = {E0E93575-7187-4975-8D72-6F285CD01767}
		{79981945-61F7-4E1A-8949-7808FD75471B} = {50809508-F830-4553-9C4E-C802E0A0F690}
		{A7677950-18F1-42FF-8018-870395417465} = {50809508-F830-4553-9C4E-C802E0A0F690}
		{1FF691E4-E27D-4A7E-861C-4D6291B6EE35} = {943853E7-513D-45EA-870F-549CFC0AF8E8}
		{4225F3BA-A39D-4680-945E-F2869E98AEA2} = {1FF691E4-E27D-4A7E-861C-4D6291B6EE35}
		{62F276F3-9184-4908-A7FB-065B4E491BE2} = {4225F3BA-A39D-4680-945E-F2869E98AEA2}
		{EF5DF177-F4F2-49D5-9E1C-2E37869238D8} = {943853E7-513D-45EA-870F-549CFC0AF8E8}
	EndGlobalSection
EndGlobal
