
Microsoft Visual Studio Solution File, Format Version 12.00
# Visual Studio Version 17
VisualStudioVersion = 17.5.001.0
MinimumVisualStudioVersion = 10.0.40219.1
Project("{2150E333-8FDC-42A3-9474-1A3956D46DE8}") = "src", "src", "{088E1138-FF7B-4179-AD37-4E3819C56D7E}"
EndProject
Project("{2150E333-8FDC-42A3-9474-1A3956D46DE8}") = "apps", "apps", "{4D8667EC-09BE-4CB1-A278-E1CCD83B62B0}"
EndProject
Project("{FAE04EC0-301F-11D3-BF4B-00C04F79EFBC}") = "cli", "src\apps\cli\cli.csproj", "{1FE4A9AE-6403-48D6-8D06-A97CCCE608FA}"
EndProject
Project("{FAE04EC0-301F-11D3-BF4B-00C04F79EFBC}") = "gh-flow", "src\apps\gh-flow\gh-flow.csproj", "{37C45587-DD0C-4BFE-817A-21301567A94A}"
EndProject
Project("{FAE04EC0-301F-11D3-BF4B-00C04F79EFBC}") = "gh-flow-df", "src\apps\gh-flow-df\gh-flow-df.csproj", "{CF0F7B0D-3CC4-4068-A1A8-64E3151D01E3}"
EndProject
Project("{FAE04EC0-301F-11D3-BF4B-00C04F79EFBC}") = "seed-memory", "src\apps\seed-memory\seed-memory.csproj", "{110B2C34-0F48-41CE-BC8F-AE3D24E79627}"
EndProject
Project("{FAE04EC0-301F-11D3-BF4B-00C04F79EFBC}") = "WorkflowsApp", "src\apps\WorkflowsApp\WorkflowsApp.csproj", "{F288CF45-81EF-4F57-ABAC-D7ABE894E7A0}"
EndProject
Project("{2150E333-8FDC-42A3-9474-1A3956D46DE8}") = "libs", "libs", "{24EB6E3A-C080-4B27-8EA7-F6C91446B840}"
EndProject
Project("{FAE04EC0-301F-11D3-BF4B-00C04F79EFBC}") = "Elsa.SemanticKernel", "src\libs\Elsa.SemanticKernel\Elsa.SemanticKernel.csproj", "{1F6EE104-0B3F-49C1-BE3B-B93CAD18BAD0}"
EndProject
Project("{FAE04EC0-301F-11D3-BF4B-00C04F79EFBC}") = "Microsoft.AI.DevTeam", "src\libs\Microsoft.AI.DevTeam\Microsoft.AI.DevTeam.csproj", "{9FA8DCFB-1726-42FB-B6CD-8AAC027810A1}"
EndProject
Project("{FAE04EC0-301F-11D3-BF4B-00C04F79EFBC}") = "Microsoft.AI.DevTeam.Skills", "src\libs\Microsoft.AI.DevTeam.Skills\Microsoft.AI.DevTeam.Skills.csproj", "{FF3D28B0-9344-44AF-BEEA-260187BE435E}"
EndProject
Global
	GlobalSection(SolutionProperties) = preSolution
		HideSolutionNode = FALSE
	EndGlobalSection
	GlobalSection(ExtensibilityGlobals) = postSolution
		SolutionGuid = {30612385-E4F4-4FD9-B648-45AF74CB4915}
	EndGlobalSection
	GlobalSection(NestedProjects) = preSolution
		{4D8667EC-09BE-4CB1-A278-E1CCD83B62B0} = {088E1138-FF7B-4179-AD37-4E3819C56D7E}
		{1FE4A9AE-6403-48D6-8D06-A97CCCE608FA} = {4D8667EC-09BE-4CB1-A278-E1CCD83B62B0}
		{37C45587-DD0C-4BFE-817A-21301567A94A} = {4D8667EC-09BE-4CB1-A278-E1CCD83B62B0}
		{CF0F7B0D-3CC4-4068-A1A8-64E3151D01E3} = {4D8667EC-09BE-4CB1-A278-E1CCD83B62B0}
		{110B2C34-0F48-41CE-BC8F-AE3D24E79627} = {4D8667EC-09BE-4CB1-A278-E1CCD83B62B0}
		{F288CF45-81EF-4F57-ABAC-D7ABE894E7A0} = {4D8667EC-09BE-4CB1-A278-E1CCD83B62B0}
		{24EB6E3A-C080-4B27-8EA7-F6C91446B840} = {088E1138-FF7B-4179-AD37-4E3819C56D7E}
		{1F6EE104-0B3F-49C1-BE3B-B93CAD18BAD0} = {24EB6E3A-C080-4B27-8EA7-F6C91446B840}
		{9FA8DCFB-1726-42FB-B6CD-8AAC027810A1} = {24EB6E3A-C080-4B27-8EA7-F6C91446B840}
		{FF3D28B0-9344-44AF-BEEA-260187BE435E} = {24EB6E3A-C080-4B27-8EA7-F6C91446B840}
	EndGlobalSection
	GlobalSection(SolutionConfigurationPlatforms) = preSolution
		Debug|Any CPU = Debug|Any CPU
		Debug|x64 = Debug|x64
		Debug|x86 = Debug|x86
		Release|Any CPU = Release|Any CPU
		Release|x64 = Release|x64
		Release|x86 = Release|x86
	EndGlobalSection
	GlobalSection(ProjectConfigurationPlatforms) = postSolution
		{1FE4A9AE-6403-48D6-8D06-A97CCCE608FA}.Debug|Any CPU.ActiveCfg = Debug|Any CPU
		{1FE4A9AE-6403-48D6-8D06-A97CCCE608FA}.Debug|Any CPU.Build.0 = Debug|Any CPU
		{1FE4A9AE-6403-48D6-8D06-A97CCCE608FA}.Debug|x64.ActiveCfg = Debug|Any CPU
		{1FE4A9AE-6403-48D6-8D06-A97CCCE608FA}.Debug|x64.Build.0 = Debug|Any CPU
		{1FE4A9AE-6403-48D6-8D06-A97CCCE608FA}.Debug|x86.ActiveCfg = Debug|Any CPU
		{1FE4A9AE-6403-48D6-8D06-A97CCCE608FA}.Debug|x86.Build.0 = Debug|Any CPU
		{1FE4A9AE-6403-48D6-8D06-A97CCCE608FA}.Release|Any CPU.ActiveCfg = Release|Any CPU
		{1FE4A9AE-6403-48D6-8D06-A97CCCE608FA}.Release|Any CPU.Build.0 = Release|Any CPU
		{1FE4A9AE-6403-48D6-8D06-A97CCCE608FA}.Release|x64.ActiveCfg = Release|Any CPU
		{1FE4A9AE-6403-48D6-8D06-A97CCCE608FA}.Release|x64.Build.0 = Release|Any CPU
		{1FE4A9AE-6403-48D6-8D06-A97CCCE608FA}.Release|x86.ActiveCfg = Release|Any CPU
		{1FE4A9AE-6403-48D6-8D06-A97CCCE608FA}.Release|x86.Build.0 = Release|Any CPU
		{37C45587-DD0C-4BFE-817A-21301567A94A}.Debug|Any CPU.ActiveCfg = Debug|Any CPU
		{37C45587-DD0C-4BFE-817A-21301567A94A}.Debug|Any CPU.Build.0 = Debug|Any CPU
		{37C45587-DD0C-4BFE-817A-21301567A94A}.Debug|x64.ActiveCfg = Debug|Any CPU
		{37C45587-DD0C-4BFE-817A-21301567A94A}.Debug|x64.Build.0 = Debug|Any CPU
		{37C45587-DD0C-4BFE-817A-21301567A94A}.Debug|x86.ActiveCfg = Debug|Any CPU
		{37C45587-DD0C-4BFE-817A-21301567A94A}.Debug|x86.Build.0 = Debug|Any CPU
		{37C45587-DD0C-4BFE-817A-21301567A94A}.Release|Any CPU.ActiveCfg = Release|Any CPU
		{37C45587-DD0C-4BFE-817A-21301567A94A}.Release|Any CPU.Build.0 = Release|Any CPU
		{37C45587-DD0C-4BFE-817A-21301567A94A}.Release|x64.ActiveCfg = Release|Any CPU
		{37C45587-DD0C-4BFE-817A-21301567A94A}.Release|x64.Build.0 = Release|Any CPU
		{37C45587-DD0C-4BFE-817A-21301567A94A}.Release|x86.ActiveCfg = Release|Any CPU
		{37C45587-DD0C-4BFE-817A-21301567A94A}.Release|x86.Build.0 = Release|Any CPU
		{CF0F7B0D-3CC4-4068-A1A8-64E3151D01E3}.Debug|Any CPU.ActiveCfg = Debug|Any CPU
		{CF0F7B0D-3CC4-4068-A1A8-64E3151D01E3}.Debug|Any CPU.Build.0 = Debug|Any CPU
		{CF0F7B0D-3CC4-4068-A1A8-64E3151D01E3}.Debug|x64.ActiveCfg = Debug|Any CPU
		{CF0F7B0D-3CC4-4068-A1A8-64E3151D01E3}.Debug|x64.Build.0 = Debug|Any CPU
		{CF0F7B0D-3CC4-4068-A1A8-64E3151D01E3}.Debug|x86.ActiveCfg = Debug|Any CPU
		{CF0F7B0D-3CC4-4068-A1A8-64E3151D01E3}.Debug|x86.Build.0 = Debug|Any CPU
		{CF0F7B0D-3CC4-4068-A1A8-64E3151D01E3}.Release|Any CPU.ActiveCfg = Release|Any CPU
		{CF0F7B0D-3CC4-4068-A1A8-64E3151D01E3}.Release|Any CPU.Build.0 = Release|Any CPU
		{CF0F7B0D-3CC4-4068-A1A8-64E3151D01E3}.Release|x64.ActiveCfg = Release|Any CPU
		{CF0F7B0D-3CC4-4068-A1A8-64E3151D01E3}.Release|x64.Build.0 = Release|Any CPU
		{CF0F7B0D-3CC4-4068-A1A8-64E3151D01E3}.Release|x86.ActiveCfg = Release|Any CPU
		{CF0F7B0D-3CC4-4068-A1A8-64E3151D01E3}.Release|x86.Build.0 = Release|Any CPU
		{110B2C34-0F48-41CE-BC8F-AE3D24E79627}.Debug|Any CPU.ActiveCfg = Debug|Any CPU
		{110B2C34-0F48-41CE-BC8F-AE3D24E79627}.Debug|Any CPU.Build.0 = Debug|Any CPU
		{110B2C34-0F48-41CE-BC8F-AE3D24E79627}.Debug|x64.ActiveCfg = Debug|Any CPU
		{110B2C34-0F48-41CE-BC8F-AE3D24E79627}.Debug|x64.Build.0 = Debug|Any CPU
		{110B2C34-0F48-41CE-BC8F-AE3D24E79627}.Debug|x86.ActiveCfg = Debug|Any CPU
		{110B2C34-0F48-41CE-BC8F-AE3D24E79627}.Debug|x86.Build.0 = Debug|Any CPU
		{110B2C34-0F48-41CE-BC8F-AE3D24E79627}.Release|Any CPU.ActiveCfg = Release|Any CPU
		{110B2C34-0F48-41CE-BC8F-AE3D24E79627}.Release|Any CPU.Build.0 = Release|Any CPU
		{110B2C34-0F48-41CE-BC8F-AE3D24E79627}.Release|x64.ActiveCfg = Release|Any CPU
		{110B2C34-0F48-41CE-BC8F-AE3D24E79627}.Release|x64.Build.0 = Release|Any CPU
		{110B2C34-0F48-41CE-BC8F-AE3D24E79627}.Release|x86.ActiveCfg = Release|Any CPU
		{110B2C34-0F48-41CE-BC8F-AE3D24E79627}.Release|x86.Build.0 = Release|Any CPU
		{F288CF45-81EF-4F57-ABAC-D7ABE894E7A0}.Debug|Any CPU.ActiveCfg = Debug|Any CPU
		{F288CF45-81EF-4F57-ABAC-D7ABE894E7A0}.Debug|Any CPU.Build.0 = Debug|Any CPU
		{F288CF45-81EF-4F57-ABAC-D7ABE894E7A0}.Debug|x64.ActiveCfg = Debug|Any CPU
		{F288CF45-81EF-4F57-ABAC-D7ABE894E7A0}.Debug|x64.Build.0 = Debug|Any CPU
		{F288CF45-81EF-4F57-ABAC-D7ABE894E7A0}.Debug|x86.ActiveCfg = Debug|Any CPU
		{F288CF45-81EF-4F57-ABAC-D7ABE894E7A0}.Debug|x86.Build.0 = Debug|Any CPU
		{F288CF45-81EF-4F57-ABAC-D7ABE894E7A0}.Release|Any CPU.ActiveCfg = Release|Any CPU
		{F288CF45-81EF-4F57-ABAC-D7ABE894E7A0}.Release|Any CPU.Build.0 = Release|Any CPU
		{F288CF45-81EF-4F57-ABAC-D7ABE894E7A0}.Release|x64.ActiveCfg = Release|Any CPU
		{F288CF45-81EF-4F57-ABAC-D7ABE894E7A0}.Release|x64.Build.0 = Release|Any CPU
		{F288CF45-81EF-4F57-ABAC-D7ABE894E7A0}.Release|x86.ActiveCfg = Release|Any CPU
		{F288CF45-81EF-4F57-ABAC-D7ABE894E7A0}.Release|x86.Build.0 = Release|Any CPU
		{1F6EE104-0B3F-49C1-BE3B-B93CAD18BAD0}.Debug|Any CPU.ActiveCfg = Debug|Any CPU
		{1F6EE104-0B3F-49C1-BE3B-B93CAD18BAD0}.Debug|Any CPU.Build.0 = Debug|Any CPU
		{1F6EE104-0B3F-49C1-BE3B-B93CAD18BAD0}.Debug|x64.ActiveCfg = Debug|Any CPU
		{1F6EE104-0B3F-49C1-BE3B-B93CAD18BAD0}.Debug|x64.Build.0 = Debug|Any CPU
		{1F6EE104-0B3F-49C1-BE3B-B93CAD18BAD0}.Debug|x86.ActiveCfg = Debug|Any CPU
		{1F6EE104-0B3F-49C1-BE3B-B93CAD18BAD0}.Debug|x86.Build.0 = Debug|Any CPU
		{1F6EE104-0B3F-49C1-BE3B-B93CAD18BAD0}.Release|Any CPU.ActiveCfg = Release|Any CPU
		{1F6EE104-0B3F-49C1-BE3B-B93CAD18BAD0}.Release|Any CPU.Build.0 = Release|Any CPU
		{1F6EE104-0B3F-49C1-BE3B-B93CAD18BAD0}.Release|x64.ActiveCfg = Release|Any CPU
		{1F6EE104-0B3F-49C1-BE3B-B93CAD18BAD0}.Release|x64.Build.0 = Release|Any CPU
		{1F6EE104-0B3F-49C1-BE3B-B93CAD18BAD0}.Release|x86.ActiveCfg = Release|Any CPU
		{1F6EE104-0B3F-49C1-BE3B-B93CAD18BAD0}.Release|x86.Build.0 = Release|Any CPU
		{9FA8DCFB-1726-42FB-B6CD-8AAC027810A1}.Debug|Any CPU.ActiveCfg = Debug|Any CPU
		{9FA8DCFB-1726-42FB-B6CD-8AAC027810A1}.Debug|Any CPU.Build.0 = Debug|Any CPU
		{9FA8DCFB-1726-42FB-B6CD-8AAC027810A1}.Debug|x64.ActiveCfg = Debug|Any CPU
		{9FA8DCFB-1726-42FB-B6CD-8AAC027810A1}.Debug|x64.Build.0 = Debug|Any CPU
		{9FA8DCFB-1726-42FB-B6CD-8AAC027810A1}.Debug|x86.ActiveCfg = Debug|Any CPU
		{9FA8DCFB-1726-42FB-B6CD-8AAC027810A1}.Debug|x86.Build.0 = Debug|Any CPU
		{9FA8DCFB-1726-42FB-B6CD-8AAC027810A1}.Release|Any CPU.ActiveCfg = Release|Any CPU
		{9FA8DCFB-1726-42FB-B6CD-8AAC027810A1}.Release|Any CPU.Build.0 = Release|Any CPU
		{9FA8DCFB-1726-42FB-B6CD-8AAC027810A1}.Release|x64.ActiveCfg = Release|Any CPU
		{9FA8DCFB-1726-42FB-B6CD-8AAC027810A1}.Release|x64.Build.0 = Release|Any CPU
		{9FA8DCFB-1726-42FB-B6CD-8AAC027810A1}.Release|x86.ActiveCfg = Release|Any CPU
		{9FA8DCFB-1726-42FB-B6CD-8AAC027810A1}.Release|x86.Build.0 = Release|Any CPU
		{FF3D28B0-9344-44AF-BEEA-260187BE435E}.Debug|Any CPU.ActiveCfg = Debug|Any CPU
		{FF3D28B0-9344-44AF-BEEA-260187BE435E}.Debug|Any CPU.Build.0 = Debug|Any CPU
		{FF3D28B0-9344-44AF-BEEA-260187BE435E}.Debug|x64.ActiveCfg = Debug|Any CPU
		{FF3D28B0-9344-44AF-BEEA-260187BE435E}.Debug|x64.Build.0 = Debug|Any CPU
		{FF3D28B0-9344-44AF-BEEA-260187BE435E}.Debug|x86.ActiveCfg = Debug|Any CPU
		{FF3D28B0-9344-44AF-BEEA-260187BE435E}.Debug|x86.Build.0 = Debug|Any CPU
		{FF3D28B0-9344-44AF-BEEA-260187BE435E}.Release|Any CPU.ActiveCfg = Release|Any CPU
		{FF3D28B0-9344-44AF-BEEA-260187BE435E}.Release|Any CPU.Build.0 = Release|Any CPU
		{FF3D28B0-9344-44AF-BEEA-260187BE435E}.Release|x64.ActiveCfg = Release|Any CPU
		{FF3D28B0-9344-44AF-BEEA-260187BE435E}.Release|x64.Build.0 = Release|Any CPU
		{FF3D28B0-9344-44AF-BEEA-260187BE435E}.Release|x86.ActiveCfg = Release|Any CPU
		{FF3D28B0-9344-44AF-BEEA-260187BE435E}.Release|x86.Build.0 = Release|Any CPU
	EndGlobalSection
EndGlobal
