
Microsoft Visual Studio Solution File, Format Version 12.00
# Visual Studio Version 17
VisualStudioVersion = 17.0.31903.59
MinimumVisualStudioVersion = 10.0.40219.1
Project("{9A19103F-16F7-4668-BE54-9A1E7A4F7556}") = "Microsoft.Autogen.Agents", "src\Microsoft.Autogen.Agents\Microsoft.Autogen.Agents.csproj", "{B0BF1CD6-34E3-4ED4-9B2A-9B8781E9BE20}"
EndProject
Project("{2150E333-8FDC-42A3-9474-1A3956D46DE8}") = "samples", "samples", "{943853E7-513D-45EA-870F-549CFC0AF8E8}"
EndProject
Project("{2150E333-8FDC-42A3-9474-1A3956D46DE8}") = "Solution Items", "Solution Items", "{E6A25E68-EA75-4294-9B45-3CF2BB3B4ACD}"
	ProjectSection(SolutionItems) = preProject
		.editorconfig = .editorconfig
	EndProjectSection
EndProject
Project("{9A19103F-16F7-4668-BE54-9A1E7A4F7556}") = "Microsoft.Autogen.Agents.Worker.Client", "src\Microsoft.Autogen.Agents.Worker.Client\Microsoft.Autogen.Agents.Worker.Client.csproj", "{20E5C8C3-CE40-4FC3-96F8-B4A2C51936E9}"
EndProject
Project("{9A19103F-16F7-4668-BE54-9A1E7A4F7556}") = "Microsoft.Autogen.Agents.Worker.Server", "src\Microsoft.Autogen.Agents.Worker.Server\Microsoft.Autogen.Agents.Worker.Server.csproj", "{B9188ADC-D322-4B38-B3D6-95338E89C34B}"
EndProject
Project("{2150E333-8FDC-42A3-9474-1A3956D46DE8}") = "greeter", "greeter", "{320B05A6-4E1B-4B15-B3F6-745819D2BF22}"
EndProject
Project("{9A19103F-16F7-4668-BE54-9A1E7A4F7556}") = "Greeter.AppHost", "samples\Greeter\Greeter.AppHost\Greeter.AppHost.csproj", "{06B30F2A-BA17-451A-81FF-E9CC9551F671}"
EndProject
Project("{9A19103F-16F7-4668-BE54-9A1E7A4F7556}") = "Greeter.ServiceDefaults", "samples\Greeter\Greeter.ServiceDefaults\Greeter.ServiceDefaults.csproj", "{E45990FD-85B3-44A2-8646-4AB2E868BC5F}"
EndProject
Project("{9A19103F-16F7-4668-BE54-9A1E7A4F7556}") = "Greeter.AgentHost", "samples\Greeter\Greeter.AgentHost\Greeter.AgentHost.csproj", "{590BACCE-7310-4D7B-9618-46496F2EB171}"
EndProject
Project("{9A19103F-16F7-4668-BE54-9A1E7A4F7556}") = "Greeter.AgentWorker", "samples\Greeter\Greeter.AgentWorker\Greeter.AgentWorker.csproj", "{7BA721F2-EE46-4A85-A8C8-3695C4ADF93E}"
EndProject
Project("{2150E333-8FDC-42A3-9474-1A3956D46DE8}") = "dev-team", "dev-team", "{23B6B210-4515-4F7B-870E-108266B76E3F}"
EndProject
Project("{9A19103F-16F7-4668-BE54-9A1E7A4F7556}") = "DevTeam.AgentHost", "samples\dev-team\DevTeam.AgentHost\DevTeam.AgentHost.csproj", "{AB2B3ACA-C302-4063-A56F-3F325042FB01}"
EndProject
Project("{9A19103F-16F7-4668-BE54-9A1E7A4F7556}") = "DevTeam.Agents", "samples\dev-team\DevTeam.Agents\DevTeam.Agents.csproj", "{01F62B2D-2EFB-4355-86EE-46AC0004F376}"
EndProject
Project("{9A19103F-16F7-4668-BE54-9A1E7A4F7556}") = "DevTeam.AppHost", "samples\dev-team\DevTeam.AppHost\DevTeam.AppHost.csproj", "{ED286F45-A2E3-426F-A306-720E834ACC42}"
EndProject
Project("{9A19103F-16F7-4668-BE54-9A1E7A4F7556}") = "DevTeam.Backend", "samples\dev-team\DevTeam.Backend\DevTeam.Backend.csproj", "{DDE8693A-6F7B-481C-A379-A9F1CC450840}"
EndProject
Project("{9A19103F-16F7-4668-BE54-9A1E7A4F7556}") = "DevTeam.ServiceDefaults", "samples\dev-team\DevTeam.ServiceDefaults\DevTeam.ServiceDefaults.csproj", "{5179C606-9714-4D0E-962D-75FE32A2D6A2}"
EndProject
Project("{9A19103F-16F7-4668-BE54-9A1E7A4F7556}") = "DevTeam.Shared", "samples\dev-team\DevTeam.Shared\DevTeam.Shared.csproj", "{778D2B00-CE88-449D-AC52-0CAE9EA870AF}"
EndProject
Global
	GlobalSection(SolutionConfigurationPlatforms) = preSolution
		Debug|Any CPU = Debug|Any CPU
		Release|Any CPU = Release|Any CPU
	EndGlobalSection
	GlobalSection(ProjectConfigurationPlatforms) = postSolution
		{B0BF1CD6-34E3-4ED4-9B2A-9B8781E9BE20}.Debug|Any CPU.ActiveCfg = Debug|Any CPU
		{B0BF1CD6-34E3-4ED4-9B2A-9B8781E9BE20}.Debug|Any CPU.Build.0 = Debug|Any CPU
		{B0BF1CD6-34E3-4ED4-9B2A-9B8781E9BE20}.Release|Any CPU.ActiveCfg = Release|Any CPU
		{B0BF1CD6-34E3-4ED4-9B2A-9B8781E9BE20}.Release|Any CPU.Build.0 = Release|Any CPU
		{20E5C8C3-CE40-4FC3-96F8-B4A2C51936E9}.Debug|Any CPU.ActiveCfg = Debug|Any CPU
		{20E5C8C3-CE40-4FC3-96F8-B4A2C51936E9}.Debug|Any CPU.Build.0 = Debug|Any CPU
		{20E5C8C3-CE40-4FC3-96F8-B4A2C51936E9}.Release|Any CPU.ActiveCfg = Release|Any CPU
		{20E5C8C3-CE40-4FC3-96F8-B4A2C51936E9}.Release|Any CPU.Build.0 = Release|Any CPU
		{B9188ADC-D322-4B38-B3D6-95338E89C34B}.Debug|Any CPU.ActiveCfg = Debug|Any CPU
		{B9188ADC-D322-4B38-B3D6-95338E89C34B}.Debug|Any CPU.Build.0 = Debug|Any CPU
		{B9188ADC-D322-4B38-B3D6-95338E89C34B}.Release|Any CPU.ActiveCfg = Release|Any CPU
		{B9188ADC-D322-4B38-B3D6-95338E89C34B}.Release|Any CPU.Build.0 = Release|Any CPU
		{06B30F2A-BA17-451A-81FF-E9CC9551F671}.Debug|Any CPU.ActiveCfg = Debug|Any CPU
		{06B30F2A-BA17-451A-81FF-E9CC9551F671}.Debug|Any CPU.Build.0 = Debug|Any CPU
		{06B30F2A-BA17-451A-81FF-E9CC9551F671}.Release|Any CPU.ActiveCfg = Release|Any CPU
		{06B30F2A-BA17-451A-81FF-E9CC9551F671}.Release|Any CPU.Build.0 = Release|Any CPU
		{E45990FD-85B3-44A2-8646-4AB2E868BC5F}.Debug|Any CPU.ActiveCfg = Debug|Any CPU
		{E45990FD-85B3-44A2-8646-4AB2E868BC5F}.Debug|Any CPU.Build.0 = Debug|Any CPU
		{E45990FD-85B3-44A2-8646-4AB2E868BC5F}.Release|Any CPU.ActiveCfg = Release|Any CPU
		{E45990FD-85B3-44A2-8646-4AB2E868BC5F}.Release|Any CPU.Build.0 = Release|Any CPU
		{590BACCE-7310-4D7B-9618-46496F2EB171}.Debug|Any CPU.ActiveCfg = Debug|Any CPU
		{590BACCE-7310-4D7B-9618-46496F2EB171}.Debug|Any CPU.Build.0 = Debug|Any CPU
		{590BACCE-7310-4D7B-9618-46496F2EB171}.Release|Any CPU.ActiveCfg = Release|Any CPU
		{590BACCE-7310-4D7B-9618-46496F2EB171}.Release|Any CPU.Build.0 = Release|Any CPU
		{7BA721F2-EE46-4A85-A8C8-3695C4ADF93E}.Debug|Any CPU.ActiveCfg = Debug|Any CPU
		{7BA721F2-EE46-4A85-A8C8-3695C4ADF93E}.Debug|Any CPU.Build.0 = Debug|Any CPU
		{7BA721F2-EE46-4A85-A8C8-3695C4ADF93E}.Release|Any CPU.ActiveCfg = Release|Any CPU
		{7BA721F2-EE46-4A85-A8C8-3695C4ADF93E}.Release|Any CPU.Build.0 = Release|Any CPU
		{AB2B3ACA-C302-4063-A56F-3F325042FB01}.Debug|Any CPU.ActiveCfg = Debug|Any CPU
		{AB2B3ACA-C302-4063-A56F-3F325042FB01}.Debug|Any CPU.Build.0 = Debug|Any CPU
		{AB2B3ACA-C302-4063-A56F-3F325042FB01}.Release|Any CPU.ActiveCfg = Release|Any CPU
		{AB2B3ACA-C302-4063-A56F-3F325042FB01}.Release|Any CPU.Build.0 = Release|Any CPU
		{01F62B2D-2EFB-4355-86EE-46AC0004F376}.Debug|Any CPU.ActiveCfg = Debug|Any CPU
		{01F62B2D-2EFB-4355-86EE-46AC0004F376}.Debug|Any CPU.Build.0 = Debug|Any CPU
		{01F62B2D-2EFB-4355-86EE-46AC0004F376}.Release|Any CPU.ActiveCfg = Release|Any CPU
		{01F62B2D-2EFB-4355-86EE-46AC0004F376}.Release|Any CPU.Build.0 = Release|Any CPU
		{ED286F45-A2E3-426F-A306-720E834ACC42}.Debug|Any CPU.ActiveCfg = Debug|Any CPU
		{ED286F45-A2E3-426F-A306-720E834ACC42}.Debug|Any CPU.Build.0 = Debug|Any CPU
		{ED286F45-A2E3-426F-A306-720E834ACC42}.Release|Any CPU.ActiveCfg = Release|Any CPU
		{ED286F45-A2E3-426F-A306-720E834ACC42}.Release|Any CPU.Build.0 = Release|Any CPU
		{DDE8693A-6F7B-481C-A379-A9F1CC450840}.Debug|Any CPU.ActiveCfg = Debug|Any CPU
		{DDE8693A-6F7B-481C-A379-A9F1CC450840}.Debug|Any CPU.Build.0 = Debug|Any CPU
		{DDE8693A-6F7B-481C-A379-A9F1CC450840}.Release|Any CPU.ActiveCfg = Release|Any CPU
		{DDE8693A-6F7B-481C-A379-A9F1CC450840}.Release|Any CPU.Build.0 = Release|Any CPU
		{5179C606-9714-4D0E-962D-75FE32A2D6A2}.Debug|Any CPU.ActiveCfg = Debug|Any CPU
		{5179C606-9714-4D0E-962D-75FE32A2D6A2}.Debug|Any CPU.Build.0 = Debug|Any CPU
		{5179C606-9714-4D0E-962D-75FE32A2D6A2}.Release|Any CPU.ActiveCfg = Release|Any CPU
		{5179C606-9714-4D0E-962D-75FE32A2D6A2}.Release|Any CPU.Build.0 = Release|Any CPU
		{778D2B00-CE88-449D-AC52-0CAE9EA870AF}.Debug|Any CPU.ActiveCfg = Debug|Any CPU
		{778D2B00-CE88-449D-AC52-0CAE9EA870AF}.Debug|Any CPU.Build.0 = Debug|Any CPU
		{778D2B00-CE88-449D-AC52-0CAE9EA870AF}.Release|Any CPU.ActiveCfg = Release|Any CPU
		{778D2B00-CE88-449D-AC52-0CAE9EA870AF}.Release|Any CPU.Build.0 = Release|Any CPU
	EndGlobalSection
	GlobalSection(SolutionProperties) = preSolution
		HideSolutionNode = FALSE
	EndGlobalSection
	GlobalSection(NestedProjects) = preSolution
		{320B05A6-4E1B-4B15-B3F6-745819D2BF22} = {943853E7-513D-45EA-870F-549CFC0AF8E8}
		{06B30F2A-BA17-451A-81FF-E9CC9551F671} = {320B05A6-4E1B-4B15-B3F6-745819D2BF22}
		{E45990FD-85B3-44A2-8646-4AB2E868BC5F} = {320B05A6-4E1B-4B15-B3F6-745819D2BF22}
		{590BACCE-7310-4D7B-9618-46496F2EB171} = {320B05A6-4E1B-4B15-B3F6-745819D2BF22}
		{7BA721F2-EE46-4A85-A8C8-3695C4ADF93E} = {320B05A6-4E1B-4B15-B3F6-745819D2BF22}
		{23B6B210-4515-4F7B-870E-108266B76E3F} = {943853E7-513D-45EA-870F-549CFC0AF8E8}
		{AB2B3ACA-C302-4063-A56F-3F325042FB01} = {23B6B210-4515-4F7B-870E-108266B76E3F}
		{01F62B2D-2EFB-4355-86EE-46AC0004F376} = {23B6B210-4515-4F7B-870E-108266B76E3F}
		{ED286F45-A2E3-426F-A306-720E834ACC42} = {23B6B210-4515-4F7B-870E-108266B76E3F}
		{DDE8693A-6F7B-481C-A379-A9F1CC450840} = {23B6B210-4515-4F7B-870E-108266B76E3F}
		{5179C606-9714-4D0E-962D-75FE32A2D6A2} = {23B6B210-4515-4F7B-870E-108266B76E3F}
		{778D2B00-CE88-449D-AC52-0CAE9EA870AF} = {23B6B210-4515-4F7B-870E-108266B76E3F}
	EndGlobalSection
	GlobalSection(ExtensibilityGlobals) = postSolution
		SolutionGuid = {C9250809-2B94-4552-99DE-333E4646A16F}
	EndGlobalSection
EndGlobal
