
Microsoft Visual Studio Solution File, Format Version 12.00
# Visual Studio Version 17
VisualStudioVersion = 17.0.31903.59
MinimumVisualStudioVersion = 10.0.40219.1
Project("{2150E333-8FDC-42A3-9474-1A3956D46DE8}") = "src", "src", "{290F9824-BAD3-4703-B9B7-FE9C4BE3A1CF}"
EndProject
Project("{9A19103F-16F7-4668-BE54-9A1E7A4F7556}") = "Microsoft.AI.Agents", "src\Microsoft.AI.Agents\Microsoft.AI.Agents.csproj", "{B0BF1CD6-34E3-4ED4-9B2A-9B8781E9BE20}"
EndProject
Project("{9A19103F-16F7-4668-BE54-9A1E7A4F7556}") = "Microsoft.AI.Agents.Orleans", "src\Microsoft.AI.Agents.Orleans\Microsoft.AI.Agents.Orleans.csproj", "{A4AE4656-4919-45E2-9680-C317FBCF7693}"
EndProject
Project("{2150E333-8FDC-42A3-9474-1A3956D46DE8}") = "samples", "samples", "{943853E7-513D-45EA-870F-549CFC0AF8E8}"
EndProject
Project("{2150E333-8FDC-42A3-9474-1A3956D46DE8}") = "gh-flow", "gh-flow", "{E0E93575-7187-4975-8D72-6F285CD01767}"
EndProject
Project("{2150E333-8FDC-42A3-9474-1A3956D46DE8}") = "src", "src", "{50809508-F830-4553-9C4E-C802E0A0F690}"
EndProject
Project("{9A19103F-16F7-4668-BE54-9A1E7A4F7556}") = "Microsoft.AI.DevTeam", "samples\gh-flow\src\Microsoft.AI.DevTeam\Microsoft.AI.DevTeam.csproj", "{79981945-61F7-4E1A-8949-7808FD75471B}"
EndProject
Project("{9A19103F-16F7-4668-BE54-9A1E7A4F7556}") = "seed-memory", "samples\gh-flow\src\seed-memory\seed-memory.csproj", "{EF5DF177-F4F2-49D5-9E1C-2E37869238D8}"
EndProject
Project("{2150E333-8FDC-42A3-9474-1A3956D46DE8}") = "Solution Items", "Solution Items", "{E6A25E68-EA75-4294-9B45-3CF2BB3B4ACD}"
	ProjectSection(SolutionItems) = preProject
		.editorconfig = .editorconfig
	EndProjectSection
EndProject
Project("{9A19103F-16F7-4668-BE54-9A1E7A4F7556}") = "Microsoft.AI.Agents.Worker.Client", "src\Microsoft.AI.Agents.Worker.Client\Microsoft.AI.Agents.Worker.Client.csproj", "{20E5C8C3-CE40-4FC3-96F8-B4A2C51936E9}"
EndProject
Project("{9A19103F-16F7-4668-BE54-9A1E7A4F7556}") = "Microsoft.AI.Agents.Worker.Server", "src\Microsoft.AI.Agents.Worker.Server\Microsoft.AI.Agents.Worker.Server.csproj", "{B9188ADC-D322-4B38-B3D6-95338E89C34B}"
EndProject
Project("{2150E333-8FDC-42A3-9474-1A3956D46DE8}") = "greeter", "greeter", "{320B05A6-4E1B-4B15-B3F6-745819D2BF22}"
EndProject
Project("{9A19103F-16F7-4668-BE54-9A1E7A4F7556}") = "Greeter.AppHost", "samples\Greeter\Greeter.AppHost\Greeter.AppHost.csproj", "{06B30F2A-BA17-451A-81FF-E9CC9551F671}"
EndProject
Project("{9A19103F-16F7-4668-BE54-9A1E7A4F7556}") = "Greeter.ServiceDefaults", "samples\Greeter\Greeter.ServiceDefaults\Greeter.ServiceDefaults.csproj", "{E45990FD-85B3-44A2-8646-4AB2E868BC5F}"
EndProject
Project("{9A19103F-16F7-4668-BE54-9A1E7A4F7556}") = "Greeter.AgentHost", "samples\Greeter\Greeter.AgentHost\Greeter.AgentHost.csproj", "{590BACCE-7310-4D7B-9618-46496F2EB171}"
EndProject
Project("{9A19103F-16F7-4668-BE54-9A1E7A4F7556}") = "Greeter.AgentWorker", "samples\Greeter\Greeter.AgentWorker\Greeter.AgentWorker.csproj", "{7BA721F2-EE46-4A85-A8C8-3695C4ADF93E}"
EndProject
Global
	GlobalSection(SolutionConfigurationPlatforms) = preSolution
		Debug|Any CPU = Debug|Any CPU
		Release|Any CPU = Release|Any CPU
	EndGlobalSection
	GlobalSection(ProjectConfigurationPlatforms) = postSolution
		{B0BF1CD6-34E3-4ED4-9B2A-9B8781E9BE20}.Debug|Any CPU.ActiveCfg = Debug|Any CPU
		{B0BF1CD6-34E3-4ED4-9B2A-9B8781E9BE20}.Debug|Any CPU.Build.0 = Debug|Any CPU
		{B0BF1CD6-34E3-4ED4-9B2A-9B8781E9BE20}.Release|Any CPU.ActiveCfg = Release|Any CPU
		{B0BF1CD6-34E3-4ED4-9B2A-9B8781E9BE20}.Release|Any CPU.Build.0 = Release|Any CPU
		{A4AE4656-4919-45E2-9680-C317FBCF7693}.Debug|Any CPU.ActiveCfg = Debug|Any CPU
		{A4AE4656-4919-45E2-9680-C317FBCF7693}.Debug|Any CPU.Build.0 = Debug|Any CPU
		{A4AE4656-4919-45E2-9680-C317FBCF7693}.Release|Any CPU.ActiveCfg = Release|Any CPU
		{A4AE4656-4919-45E2-9680-C317FBCF7693}.Release|Any CPU.Build.0 = Release|Any CPU
		{79981945-61F7-4E1A-8949-7808FD75471B}.Debug|Any CPU.ActiveCfg = Debug|Any CPU
		{79981945-61F7-4E1A-8949-7808FD75471B}.Debug|Any CPU.Build.0 = Debug|Any CPU
		{79981945-61F7-4E1A-8949-7808FD75471B}.Release|Any CPU.ActiveCfg = Release|Any CPU
		{79981945-61F7-4E1A-8949-7808FD75471B}.Release|Any CPU.Build.0 = Release|Any CPU
		{EF5DF177-F4F2-49D5-9E1C-2E37869238D8}.Debug|Any CPU.ActiveCfg = Debug|Any CPU
		{EF5DF177-F4F2-49D5-9E1C-2E37869238D8}.Debug|Any CPU.Build.0 = Debug|Any CPU
		{EF5DF177-F4F2-49D5-9E1C-2E37869238D8}.Release|Any CPU.ActiveCfg = Release|Any CPU
		{EF5DF177-F4F2-49D5-9E1C-2E37869238D8}.Release|Any CPU.Build.0 = Release|Any CPU
		{20E5C8C3-CE40-4FC3-96F8-B4A2C51936E9}.Debug|Any CPU.ActiveCfg = Debug|Any CPU
		{20E5C8C3-CE40-4FC3-96F8-B4A2C51936E9}.Debug|Any CPU.Build.0 = Debug|Any CPU
		{20E5C8C3-CE40-4FC3-96F8-B4A2C51936E9}.Release|Any CPU.ActiveCfg = Release|Any CPU
		{20E5C8C3-CE40-4FC3-96F8-B4A2C51936E9}.Release|Any CPU.Build.0 = Release|Any CPU
		{B9188ADC-D322-4B38-B3D6-95338E89C34B}.Debug|Any CPU.ActiveCfg = Debug|Any CPU
		{B9188ADC-D322-4B38-B3D6-95338E89C34B}.Debug|Any CPU.Build.0 = Debug|Any CPU
		{B9188ADC-D322-4B38-B3D6-95338E89C34B}.Release|Any CPU.ActiveCfg = Release|Any CPU
		{B9188ADC-D322-4B38-B3D6-95338E89C34B}.Release|Any CPU.Build.0 = Release|Any CPU
		{06B30F2A-BA17-451A-81FF-E9CC9551F671}.Debug|Any CPU.ActiveCfg = Debug|Any CPU
		{06B30F2A-BA17-451A-81FF-E9CC9551F671}.Debug|Any CPU.Build.0 = Debug|Any CPU
		{06B30F2A-BA17-451A-81FF-E9CC9551F671}.Release|Any CPU.ActiveCfg = Release|Any CPU
		{06B30F2A-BA17-451A-81FF-E9CC9551F671}.Release|Any CPU.Build.0 = Release|Any CPU
		{E45990FD-85B3-44A2-8646-4AB2E868BC5F}.Debug|Any CPU.ActiveCfg = Debug|Any CPU
		{E45990FD-85B3-44A2-8646-4AB2E868BC5F}.Debug|Any CPU.Build.0 = Debug|Any CPU
		{E45990FD-85B3-44A2-8646-4AB2E868BC5F}.Release|Any CPU.ActiveCfg = Release|Any CPU
		{E45990FD-85B3-44A2-8646-4AB2E868BC5F}.Release|Any CPU.Build.0 = Release|Any CPU
		{590BACCE-7310-4D7B-9618-46496F2EB171}.Debug|Any CPU.ActiveCfg = Debug|Any CPU
		{590BACCE-7310-4D7B-9618-46496F2EB171}.Debug|Any CPU.Build.0 = Debug|Any CPU
		{590BACCE-7310-4D7B-9618-46496F2EB171}.Release|Any CPU.ActiveCfg = Release|Any CPU
		{590BACCE-7310-4D7B-9618-46496F2EB171}.Release|Any CPU.Build.0 = Release|Any CPU
		{7BA721F2-EE46-4A85-A8C8-3695C4ADF93E}.Debug|Any CPU.ActiveCfg = Debug|Any CPU
		{7BA721F2-EE46-4A85-A8C8-3695C4ADF93E}.Debug|Any CPU.Build.0 = Debug|Any CPU
		{7BA721F2-EE46-4A85-A8C8-3695C4ADF93E}.Release|Any CPU.ActiveCfg = Release|Any CPU
		{7BA721F2-EE46-4A85-A8C8-3695C4ADF93E}.Release|Any CPU.Build.0 = Release|Any CPU
	EndGlobalSection
	GlobalSection(SolutionProperties) = preSolution
		HideSolutionNode = FALSE
	EndGlobalSection
	GlobalSection(NestedProjects) = preSolution
		{B0BF1CD6-34E3-4ED4-9B2A-9B8781E9BE20} = {290F9824-BAD3-4703-B9B7-FE9C4BE3A1CF}
		{A4AE4656-4919-45E2-9680-C317FBCF7693} = {290F9824-BAD3-4703-B9B7-FE9C4BE3A1CF}
		{E0E93575-7187-4975-8D72-6F285CD01767} = {943853E7-513D-45EA-870F-549CFC0AF8E8}
		{50809508-F830-4553-9C4E-C802E0A0F690} = {E0E93575-7187-4975-8D72-6F285CD01767}
		{79981945-61F7-4E1A-8949-7808FD75471B} = {50809508-F830-4553-9C4E-C802E0A0F690}
		{EF5DF177-F4F2-49D5-9E1C-2E37869238D8} = {943853E7-513D-45EA-870F-549CFC0AF8E8}
		{20E5C8C3-CE40-4FC3-96F8-B4A2C51936E9} = {290F9824-BAD3-4703-B9B7-FE9C4BE3A1CF}
		{B9188ADC-D322-4B38-B3D6-95338E89C34B} = {290F9824-BAD3-4703-B9B7-FE9C4BE3A1CF}
		{320B05A6-4E1B-4B15-B3F6-745819D2BF22} = {943853E7-513D-45EA-870F-549CFC0AF8E8}
		{06B30F2A-BA17-451A-81FF-E9CC9551F671} = {320B05A6-4E1B-4B15-B3F6-745819D2BF22}
		{E45990FD-85B3-44A2-8646-4AB2E868BC5F} = {320B05A6-4E1B-4B15-B3F6-745819D2BF22}
		{590BACCE-7310-4D7B-9618-46496F2EB171} = {320B05A6-4E1B-4B15-B3F6-745819D2BF22}
		{7BA721F2-EE46-4A85-A8C8-3695C4ADF93E} = {320B05A6-4E1B-4B15-B3F6-745819D2BF22}
	EndGlobalSection
	GlobalSection(ExtensibilityGlobals) = postSolution
		SolutionGuid = {C9250809-2B94-4552-99DE-333E4646A16F}
	EndGlobalSection
EndGlobal
