
Microsoft Visual Studio Solution File, Format Version 12.00
# Visual Studio Version 17
VisualStudioVersion = 17.8.34322.80
MinimumVisualStudioVersion = 10.0.40219.1
Project("{2150E333-8FDC-42A3-9474-1A3956D46DE8}") = "src", "src", "{18BF8DD7-0585-48BF-8F97-AD333080CE06}"
EndProject
Project("{2150E333-8FDC-42A3-9474-1A3956D46DE8}") = "test", "test", "{F823671B-3ECA-4AE6-86DA-25E920D3FE64}"
EndProject
Project("{2150E333-8FDC-42A3-9474-1A3956D46DE8}") = "Solution Items", "Solution Items", "{243E768F-EA7D-4AF1-B625-0398440BB1AB}"
	ProjectSection(SolutionItems) = preProject
		.editorconfig = .editorconfig
		.gitattributes = .gitattributes
		.gitignore = .gitignore
		Directory.Build.props = Directory.Build.props
		Directory.Build.targets = Directory.Build.targets
		Directory.Packages.props = Directory.Packages.props
		global.json = global.json
		NuGet.config = NuGet.config
		spelling.dic = spelling.dic
	EndProjectSection
EndProject
Project("{2150E333-8FDC-42A3-9474-1A3956D46DE8}") = "DevTeam", "DevTeam", "{05B9C173-6441-4DCA-9AC4-E897EF75F331}"
EndProject
Project("{9A19103F-16F7-4668-BE54-9A1E7A4F7556}") = "DevTeam.Agents", "samples\dev-team\DevTeam.Agents\DevTeam.Agents.csproj", "{83BBB833-A2F0-4A4D-BA1B-8229FC9BCD4F}"
EndProject
Project("{9A19103F-16F7-4668-BE54-9A1E7A4F7556}") = "DevTeam.AppHost", "samples\dev-team\DevTeam.AppHost\DevTeam.AppHost.csproj", "{63280C12-3BE3-4C4E-805E-584CDC6BC1F5}"
EndProject
Project("{9A19103F-16F7-4668-BE54-9A1E7A4F7556}") = "DevTeam.Backend", "samples\dev-team\DevTeam.Backend\DevTeam.Backend.csproj", "{EDA3EF83-FC7F-4BCF-945D-B893620EE4B1}"
EndProject
Project("{9A19103F-16F7-4668-BE54-9A1E7A4F7556}") = "DevTeam.Shared", "samples\dev-team\DevTeam.Shared\DevTeam.Shared.csproj", "{01F5D7C3-41EB-409C-9B77-A945C07FA7E8}"
EndProject
Project("{2150E333-8FDC-42A3-9474-1A3956D46DE8}") = "Hello", "Hello", "{7EB336C2-7C0A-4BC8-80C6-A3173AB8DC45}"
EndProject
Project("{9A19103F-16F7-4668-BE54-9A1E7A4F7556}") = "Hello.AppHost", "samples\Hello\Hello.AppHost\Hello.AppHost.csproj", "{09A373A0-8169-409F-8C37-3FBC1654B122}"
EndProject
Project("{9A19103F-16F7-4668-BE54-9A1E7A4F7556}") = "HelloAIAgents", "samples\Hello\HelloAIAgents\HelloAIAgents.csproj", "{A20B9894-F352-4338-872A-F215A241D43D}"
EndProject
Project("{9A19103F-16F7-4668-BE54-9A1E7A4F7556}") = "HelloAgent", "samples\Hello\HelloAgent\HelloAgent.csproj", "{8F7560CF-EEBB-4333-A69F-838CA40FD85D}"
EndProject
Project("{2150E333-8FDC-42A3-9474-1A3956D46DE8}") = "sample", "sample", "{686480D7-8FEC-4ED3-9C5D-CEBE1057A7ED}"
EndProject
Project("{9A19103F-16F7-4668-BE54-9A1E7A4F7556}") = "HelloAgentState", "samples\Hello\HelloAgentState\HelloAgentState.csproj", "{64EF61E7-00A6-4E5E-9808-62E10993A0E5}"
EndProject
Project("{FAE04EC0-301F-11D3-BF4B-00C04F79EFBC}") = "Hello.Shared", "samples\Hello\Hello.Shared\Hello.Shared.csproj", "{F16058BE-1BE9-79AE-119E-A220BC6AADED}"
EndProject
Project("{FAE04EC0-301F-11D3-BF4B-00C04F79EFBC}") = "Microsoft.AutoGen.Contracts", "src\Microsoft.AutoGen\Core\Microsoft.AutoGen.Contracts.csproj", "{1222A7E7-F9C7-D89F-4953-EE063A7FDE49}"
EndProject
Project("{FAE04EC0-301F-11D3-BF4B-00C04F79EFBC}") = "Microsoft.AutoGen.Core", "src\Microsoft.AutoGen\Client\Microsoft.AutoGen.Core.csproj", "{03E150AA-3B93-B2AA-3141-1AE4A3481115}"
EndProject
Project("{FAE04EC0-301F-11D3-BF4B-00C04F79EFBC}") = "Microsoft.AutoGen.Runtime.Grpc", "src\Microsoft.AutoGen\DistributedRuntime\Microsoft.AutoGen.Runtime.Grpc.csproj", "{F8726BFF-8D62-BFAB-D000-BFAA8B55649B}"
EndProject
Project("{FAE04EC0-301F-11D3-BF4B-00C04F79EFBC}") = "DevTeam.ServiceDefaults", "samples\dev-team\DevTeam.ServiceDefaults\DevTeam.ServiceDefaults.csproj", "{E55D9022-21A9-DE0A-A739-A0D02D46BA69}"
EndProject
Project("{FAE04EC0-301F-11D3-BF4B-00C04F79EFBC}") = "Microsoft.Autogen.Tests.Shared", "test\Microsoft.Autogen.Tests.Shared\Microsoft.Autogen.Tests.Shared.csproj", "{B0DD1ED1-9EB6-4BF8-8CA8-8E1316A11423}"
EndProject
Project("{FAE04EC0-301F-11D3-BF4B-00C04F79EFBC}") = "Microsoft.Autogen.AgentHost", "src\Microsoft.AutoGen\AgentHost\Microsoft.Autogen.AgentHost\Microsoft.Autogen.AgentHost.csproj", "{BDAC766C-7BAF-4890-AC4D-6569D063A208}"
EndProject
Project("{FAE04EC0-301F-11D3-BF4B-00C04F79EFBC}") = "Microsoft.AutoGen.Core.Grpc", "src\Microsoft.AutoGen\Microsoft.AutoGen.Core.Grpc\Microsoft.AutoGen.Core.Grpc.csproj", "{AC738109-3DF8-4D84-82BA-59CEE5C5A0F3}"
EndProject
Project("{FAE04EC0-301F-11D3-BF4B-00C04F79EFBC}") = "Microsoft.AutoGen.Core.Tests", "test\Microsoft.AutoGen.Core.Tests\Microsoft.AutoGen.Core.Tests.csproj", "{3128E700-5AC5-4929-BFDC-ABC8A3146BAD}"
EndProject
Global
	GlobalSection(SolutionConfigurationPlatforms) = preSolution
		Debug|Any CPU = Debug|Any CPU
		Release|Any CPU = Release|Any CPU
	EndGlobalSection
	GlobalSection(ProjectConfigurationPlatforms) = postSolution
		{83BBB833-A2F0-4A4D-BA1B-8229FC9BCD4F}.Debug|Any CPU.ActiveCfg = Debug|Any CPU
		{83BBB833-A2F0-4A4D-BA1B-8229FC9BCD4F}.Debug|Any CPU.Build.0 = Debug|Any CPU
		{83BBB833-A2F0-4A4D-BA1B-8229FC9BCD4F}.Release|Any CPU.ActiveCfg = Release|Any CPU
		{83BBB833-A2F0-4A4D-BA1B-8229FC9BCD4F}.Release|Any CPU.Build.0 = Release|Any CPU
		{63280C12-3BE3-4C4E-805E-584CDC6BC1F5}.Debug|Any CPU.ActiveCfg = Debug|Any CPU
		{63280C12-3BE3-4C4E-805E-584CDC6BC1F5}.Debug|Any CPU.Build.0 = Debug|Any CPU
		{63280C12-3BE3-4C4E-805E-584CDC6BC1F5}.Release|Any CPU.ActiveCfg = Release|Any CPU
		{63280C12-3BE3-4C4E-805E-584CDC6BC1F5}.Release|Any CPU.Build.0 = Release|Any CPU
		{EDA3EF83-FC7F-4BCF-945D-B893620EE4B1}.Debug|Any CPU.ActiveCfg = Debug|Any CPU
		{EDA3EF83-FC7F-4BCF-945D-B893620EE4B1}.Debug|Any CPU.Build.0 = Debug|Any CPU
		{EDA3EF83-FC7F-4BCF-945D-B893620EE4B1}.Release|Any CPU.ActiveCfg = Release|Any CPU
		{EDA3EF83-FC7F-4BCF-945D-B893620EE4B1}.Release|Any CPU.Build.0 = Release|Any CPU
		{01F5D7C3-41EB-409C-9B77-A945C07FA7E8}.Debug|Any CPU.ActiveCfg = Debug|Any CPU
		{01F5D7C3-41EB-409C-9B77-A945C07FA7E8}.Debug|Any CPU.Build.0 = Debug|Any CPU
		{01F5D7C3-41EB-409C-9B77-A945C07FA7E8}.Release|Any CPU.ActiveCfg = Release|Any CPU
		{01F5D7C3-41EB-409C-9B77-A945C07FA7E8}.Release|Any CPU.Build.0 = Release|Any CPU
		{09A373A0-8169-409F-8C37-3FBC1654B122}.Debug|Any CPU.ActiveCfg = Debug|Any CPU
		{09A373A0-8169-409F-8C37-3FBC1654B122}.Debug|Any CPU.Build.0 = Debug|Any CPU
		{09A373A0-8169-409F-8C37-3FBC1654B122}.Release|Any CPU.ActiveCfg = Release|Any CPU
		{09A373A0-8169-409F-8C37-3FBC1654B122}.Release|Any CPU.Build.0 = Release|Any CPU
		{A20B9894-F352-4338-872A-F215A241D43D}.Debug|Any CPU.ActiveCfg = Debug|Any CPU
		{A20B9894-F352-4338-872A-F215A241D43D}.Debug|Any CPU.Build.0 = Debug|Any CPU
		{A20B9894-F352-4338-872A-F215A241D43D}.Release|Any CPU.ActiveCfg = Release|Any CPU
		{A20B9894-F352-4338-872A-F215A241D43D}.Release|Any CPU.Build.0 = Release|Any CPU
		{8F7560CF-EEBB-4333-A69F-838CA40FD85D}.Debug|Any CPU.ActiveCfg = Debug|Any CPU
		{8F7560CF-EEBB-4333-A69F-838CA40FD85D}.Debug|Any CPU.Build.0 = Debug|Any CPU
		{8F7560CF-EEBB-4333-A69F-838CA40FD85D}.Release|Any CPU.ActiveCfg = Release|Any CPU
		{8F7560CF-EEBB-4333-A69F-838CA40FD85D}.Release|Any CPU.Build.0 = Release|Any CPU
		{64EF61E7-00A6-4E5E-9808-62E10993A0E5}.Debug|Any CPU.ActiveCfg = Debug|Any CPU
		{64EF61E7-00A6-4E5E-9808-62E10993A0E5}.Debug|Any CPU.Build.0 = Debug|Any CPU
		{64EF61E7-00A6-4E5E-9808-62E10993A0E5}.Release|Any CPU.ActiveCfg = Release|Any CPU
		{64EF61E7-00A6-4E5E-9808-62E10993A0E5}.Release|Any CPU.Build.0 = Release|Any CPU
		{F16058BE-1BE9-79AE-119E-A220BC6AADED}.Debug|Any CPU.ActiveCfg = Debug|Any CPU
		{F16058BE-1BE9-79AE-119E-A220BC6AADED}.Debug|Any CPU.Build.0 = Debug|Any CPU
		{F16058BE-1BE9-79AE-119E-A220BC6AADED}.Release|Any CPU.ActiveCfg = Release|Any CPU
		{F16058BE-1BE9-79AE-119E-A220BC6AADED}.Release|Any CPU.Build.0 = Release|Any CPU
		{1222A7E7-F9C7-D89F-4953-EE063A7FDE49}.Debug|Any CPU.ActiveCfg = Debug|Any CPU
		{1222A7E7-F9C7-D89F-4953-EE063A7FDE49}.Debug|Any CPU.Build.0 = Debug|Any CPU
		{1222A7E7-F9C7-D89F-4953-EE063A7FDE49}.Release|Any CPU.ActiveCfg = Release|Any CPU
		{1222A7E7-F9C7-D89F-4953-EE063A7FDE49}.Release|Any CPU.Build.0 = Release|Any CPU
		{03E150AA-3B93-B2AA-3141-1AE4A3481115}.Debug|Any CPU.ActiveCfg = Debug|Any CPU
		{03E150AA-3B93-B2AA-3141-1AE4A3481115}.Debug|Any CPU.Build.0 = Debug|Any CPU
		{03E150AA-3B93-B2AA-3141-1AE4A3481115}.Release|Any CPU.ActiveCfg = Release|Any CPU
		{03E150AA-3B93-B2AA-3141-1AE4A3481115}.Release|Any CPU.Build.0 = Release|Any CPU
		{F8726BFF-8D62-BFAB-D000-BFAA8B55649B}.Debug|Any CPU.ActiveCfg = Debug|Any CPU
		{F8726BFF-8D62-BFAB-D000-BFAA8B55649B}.Debug|Any CPU.Build.0 = Debug|Any CPU
		{F8726BFF-8D62-BFAB-D000-BFAA8B55649B}.Release|Any CPU.ActiveCfg = Release|Any CPU
		{F8726BFF-8D62-BFAB-D000-BFAA8B55649B}.Release|Any CPU.Build.0 = Release|Any CPU
		{E55D9022-21A9-DE0A-A739-A0D02D46BA69}.Debug|Any CPU.ActiveCfg = Debug|Any CPU
		{E55D9022-21A9-DE0A-A739-A0D02D46BA69}.Debug|Any CPU.Build.0 = Debug|Any CPU
		{E55D9022-21A9-DE0A-A739-A0D02D46BA69}.Release|Any CPU.ActiveCfg = Release|Any CPU
		{E55D9022-21A9-DE0A-A739-A0D02D46BA69}.Release|Any CPU.Build.0 = Release|Any CPU
		{B0DD1ED1-9EB6-4BF8-8CA8-8E1316A11423}.Debug|Any CPU.ActiveCfg = Debug|Any CPU
		{B0DD1ED1-9EB6-4BF8-8CA8-8E1316A11423}.Debug|Any CPU.Build.0 = Debug|Any CPU
		{B0DD1ED1-9EB6-4BF8-8CA8-8E1316A11423}.Release|Any CPU.ActiveCfg = Release|Any CPU
		{B0DD1ED1-9EB6-4BF8-8CA8-8E1316A11423}.Release|Any CPU.Build.0 = Release|Any CPU
		{BDAC766C-7BAF-4890-AC4D-6569D063A208}.Debug|Any CPU.ActiveCfg = Debug|Any CPU
		{BDAC766C-7BAF-4890-AC4D-6569D063A208}.Debug|Any CPU.Build.0 = Debug|Any CPU
		{BDAC766C-7BAF-4890-AC4D-6569D063A208}.Release|Any CPU.ActiveCfg = Release|Any CPU
		{BDAC766C-7BAF-4890-AC4D-6569D063A208}.Release|Any CPU.Build.0 = Release|Any CPU
		{AC738109-3DF8-4D84-82BA-59CEE5C5A0F3}.Debug|Any CPU.ActiveCfg = Debug|Any CPU
		{AC738109-3DF8-4D84-82BA-59CEE5C5A0F3}.Debug|Any CPU.Build.0 = Debug|Any CPU
		{AC738109-3DF8-4D84-82BA-59CEE5C5A0F3}.Release|Any CPU.ActiveCfg = Release|Any CPU
		{AC738109-3DF8-4D84-82BA-59CEE5C5A0F3}.Release|Any CPU.Build.0 = Release|Any CPU
		{3128E700-5AC5-4929-BFDC-ABC8A3146BAD}.Debug|Any CPU.ActiveCfg = Debug|Any CPU
		{3128E700-5AC5-4929-BFDC-ABC8A3146BAD}.Debug|Any CPU.Build.0 = Debug|Any CPU
		{3128E700-5AC5-4929-BFDC-ABC8A3146BAD}.Release|Any CPU.ActiveCfg = Release|Any CPU
		{3128E700-5AC5-4929-BFDC-ABC8A3146BAD}.Release|Any CPU.Build.0 = Release|Any CPU
	EndGlobalSection
	GlobalSection(SolutionProperties) = preSolution
		HideSolutionNode = FALSE
	EndGlobalSection
	GlobalSection(NestedProjects) = preSolution
		{05B9C173-6441-4DCA-9AC4-E897EF75F331} = {686480D7-8FEC-4ED3-9C5D-CEBE1057A7ED}
		{83BBB833-A2F0-4A4D-BA1B-8229FC9BCD4F} = {05B9C173-6441-4DCA-9AC4-E897EF75F331}
		{63280C12-3BE3-4C4E-805E-584CDC6BC1F5} = {05B9C173-6441-4DCA-9AC4-E897EF75F331}
		{EDA3EF83-FC7F-4BCF-945D-B893620EE4B1} = {05B9C173-6441-4DCA-9AC4-E897EF75F331}
		{01F5D7C3-41EB-409C-9B77-A945C07FA7E8} = {05B9C173-6441-4DCA-9AC4-E897EF75F331}
		{7EB336C2-7C0A-4BC8-80C6-A3173AB8DC45} = {686480D7-8FEC-4ED3-9C5D-CEBE1057A7ED}
		{09A373A0-8169-409F-8C37-3FBC1654B122} = {7EB336C2-7C0A-4BC8-80C6-A3173AB8DC45}
		{A20B9894-F352-4338-872A-F215A241D43D} = {7EB336C2-7C0A-4BC8-80C6-A3173AB8DC45}
		{8F7560CF-EEBB-4333-A69F-838CA40FD85D} = {7EB336C2-7C0A-4BC8-80C6-A3173AB8DC45}
		{64EF61E7-00A6-4E5E-9808-62E10993A0E5} = {7EB336C2-7C0A-4BC8-80C6-A3173AB8DC45}
		{F16058BE-1BE9-79AE-119E-A220BC6AADED} = {7EB336C2-7C0A-4BC8-80C6-A3173AB8DC45}
		{1222A7E7-F9C7-D89F-4953-EE063A7FDE49} = {18BF8DD7-0585-48BF-8F97-AD333080CE06}
		{03E150AA-3B93-B2AA-3141-1AE4A3481115} = {18BF8DD7-0585-48BF-8F97-AD333080CE06}
		{F8726BFF-8D62-BFAB-D000-BFAA8B55649B} = {18BF8DD7-0585-48BF-8F97-AD333080CE06}
		{E55D9022-21A9-DE0A-A739-A0D02D46BA69} = {05B9C173-6441-4DCA-9AC4-E897EF75F331}
		{B0DD1ED1-9EB6-4BF8-8CA8-8E1316A11423} = {F823671B-3ECA-4AE6-86DA-25E920D3FE64}
		{BDAC766C-7BAF-4890-AC4D-6569D063A208} = {18BF8DD7-0585-48BF-8F97-AD333080CE06}
		{AC738109-3DF8-4D84-82BA-59CEE5C5A0F3} = {18BF8DD7-0585-48BF-8F97-AD333080CE06}
		{3128E700-5AC5-4929-BFDC-ABC8A3146BAD} = {F823671B-3ECA-4AE6-86DA-25E920D3FE64}
	EndGlobalSection
	GlobalSection(ExtensibilityGlobals) = postSolution
		SolutionGuid = {93384647-528D-46C8-922C-8DB36A382F0B}
	EndGlobalSection
EndGlobal
