
Microsoft Visual Studio Solution File, Format Version 12.00
# Visual Studio Version 17
VisualStudioVersion = 17.8.34322.80
MinimumVisualStudioVersion = 10.0.40219.1
Project("{9A19103F-16F7-4668-BE54-9A1E7A4F7556}") = "AutoGen", "src\AutoGen\AutoGen.csproj", "{B2B27ACB-AA50-4FED-A06C-3AD6B4218188}"
EndProject
Project("{2150E333-8FDC-42A3-9474-1A3956D46DE8}") = "src", "src", "{18BF8DD7-0585-48BF-8F97-AD333080CE06}"
EndProject
Project("{2150E333-8FDC-42A3-9474-1A3956D46DE8}") = "test", "test", "{F823671B-3ECA-4AE6-86DA-25E920D3FE64}"
EndProject
Project("{9A19103F-16F7-4668-BE54-9A1E7A4F7556}") = "AutoGen.Tests", "test\AutoGen.Tests\AutoGen.Tests.csproj", "{FDD99AEC-4C57-4020-B23F-650612856102}"
EndProject
Project("{9A19103F-16F7-4668-BE54-9A1E7A4F7556}") = "AutoGen.SourceGenerator", "src\AutoGen.SourceGenerator\AutoGen.SourceGenerator.csproj", "{3FFD14E3-D6BC-4EA7-97A2-D21733060FD6}"
EndProject
Project("{9A19103F-16F7-4668-BE54-9A1E7A4F7556}") = "AutoGen.SourceGenerator.Tests", "test\AutoGen.SourceGenerator.Tests\AutoGen.SourceGenerator.Tests.csproj", "{05A2FAD8-03B0-4B2F-82AF-2F6BF0F050E5}"
EndProject
Project("{9A19103F-16F7-4668-BE54-9A1E7A4F7556}") = "AutoGen.DotnetInteractive", "src\AutoGen.DotnetInteractive\AutoGen.DotnetInteractive.csproj", "{B61D8008-7FB7-4C0E-8044-3A74AA63A596}"
EndProject
Project("{9A19103F-16F7-4668-BE54-9A1E7A4F7556}") = "AutoGen.LMStudio", "src\AutoGen.LMStudio\AutoGen.LMStudio.csproj", "{F98BDA9B-8657-4BA8-9B03-BAEA454CAE60}"
EndProject
Project("{9A19103F-16F7-4668-BE54-9A1E7A4F7556}") = "AutoGen.SemanticKernel", "src\AutoGen.SemanticKernel\AutoGen.SemanticKernel.csproj", "{45D6FC80-36F3-4967-9663-E20B63824621}"
EndProject
Project("{9A19103F-16F7-4668-BE54-9A1E7A4F7556}") = "AutoGen.Core", "src\AutoGen.Core\AutoGen.Core.csproj", "{D58D43D1-0617-4A3D-9932-C773E6398535}"
EndProject
Project("{9A19103F-16F7-4668-BE54-9A1E7A4F7556}") = "AutoGen.OpenAI.V1", "src\AutoGen.OpenAI.V1\AutoGen.OpenAI.V1.csproj", "{63445BB7-DBB9-4AEF-9D6F-98BBE75EE1EC}"
EndProject
Project("{9A19103F-16F7-4668-BE54-9A1E7A4F7556}") = "AutoGen.Mistral", "src\AutoGen.Mistral\AutoGen.Mistral.csproj", "{6585D1A4-3D97-4D76-A688-1933B61AEB19}"
EndProject
Project("{9A19103F-16F7-4668-BE54-9A1E7A4F7556}") = "AutoGen.Mistral.Tests", "test\AutoGen.Mistral.Tests\AutoGen.Mistral.Tests.csproj", "{15441693-3659-4868-B6C1-B106F52FF3BA}"
EndProject
Project("{9A19103F-16F7-4668-BE54-9A1E7A4F7556}") = "AutoGen.WebAPI", "src\AutoGen.WebAPI\AutoGen.WebAPI.csproj", "{257FFD71-08E5-40C7-AB04-6A81A78EB410}"
EndProject
Project("{9A19103F-16F7-4668-BE54-9A1E7A4F7556}") = "AutoGen.WebAPI.Tests", "test\AutoGen.WebAPI.Tests\AutoGen.WebAPI.Tests.csproj", "{E2EF5E66-683C-4DDC-8ADA-5F676502B9BA}"
EndProject
Project("{9A19103F-16F7-4668-BE54-9A1E7A4F7556}") = "AutoGen.SemanticKernel.Tests", "test\AutoGen.SemanticKernel.Tests\AutoGen.SemanticKernel.Tests.csproj", "{1DFABC4A-8458-4875-8DCB-59F3802DAC65}"
EndProject
Project("{9A19103F-16F7-4668-BE54-9A1E7A4F7556}") = "AutoGen.OpenAI.V1.Tests", "test\AutoGen.OpenAI.V1.Tests\AutoGen.OpenAI.V1.Tests.csproj", "{D36A85F9-C172-487D-8192-6BFE5D05B4A7}"
EndProject
Project("{9A19103F-16F7-4668-BE54-9A1E7A4F7556}") = "AutoGen.DotnetInteractive.Tests", "test\AutoGen.DotnetInteractive.Tests\AutoGen.DotnetInteractive.Tests.csproj", "{B61388CA-DC73-4B7F-A7B2-7B9A86C9229E}"
EndProject
Project("{9A19103F-16F7-4668-BE54-9A1E7A4F7556}") = "AutoGen.Ollama", "src\AutoGen.Ollama\AutoGen.Ollama.csproj", "{9F9E6DED-3D92-4970-909A-70FC11F1A665}"
EndProject
Project("{9A19103F-16F7-4668-BE54-9A1E7A4F7556}") = "AutoGen.Ollama.Tests", "test\AutoGen.Ollama.Tests\AutoGen.Ollama.Tests.csproj", "{03E31CAA-3728-48D3-B936-9F11CF6C18FE}"
EndProject
Project("{9A19103F-16F7-4668-BE54-9A1E7A4F7556}") = "AutoGen.Anthropic", "src\AutoGen.Anthropic\AutoGen.Anthropic.csproj", "{6A95E113-B824-4524-8F13-CD0C3E1C8804}"
EndProject
Project("{9A19103F-16F7-4668-BE54-9A1E7A4F7556}") = "AutoGen.Anthropic.Tests", "test\AutoGen.Anthropic.Tests\AutoGen.Anthropic.Tests.csproj", "{815E937E-86D6-4476-9EC6-B7FBCBBB5DB6}"
EndProject
Project("{9A19103F-16F7-4668-BE54-9A1E7A4F7556}") = "AutoGen.Gemini", "src\AutoGen.Gemini\AutoGen.Gemini.csproj", "{EFE0DC86-80FC-4D52-95B7-07654BA1A769}"
EndProject
Project("{9A19103F-16F7-4668-BE54-9A1E7A4F7556}") = "AutoGen.Gemini.Tests", "test\AutoGen.Gemini.Tests\AutoGen.Gemini.Tests.csproj", "{8EA16BAB-465A-4C07-ABC4-1070D40067E9}"
EndProject
Project("{9A19103F-16F7-4668-BE54-9A1E7A4F7556}") = "AutoGen.AotCompatibility.Tests", "test\AutoGen.AotCompatibility.Tests\AutoGen.AotCompatibility.Tests.csproj", "{6B82F26D-5040-4453-B21B-C8D1F913CE4C}"
EndProject
Project("{9A19103F-16F7-4668-BE54-9A1E7A4F7556}") = "AutoGen.AzureAIInference", "src\AutoGen.AzureAIInference\AutoGen.AzureAIInference.csproj", "{5C45981D-1319-4C25-935C-83D411CB28DF}"
EndProject
Project("{9A19103F-16F7-4668-BE54-9A1E7A4F7556}") = "AutoGen.AzureAIInference.Tests", "test\AutoGen.AzureAIInference.Tests\AutoGen.AzureAIInference.Tests.csproj", "{5970868F-831E-418F-89A9-4EC599563E16}"
EndProject
Project("{9A19103F-16F7-4668-BE54-9A1E7A4F7556}") = "AutoGen.Tests.Share", "test\AutoGen.Test.Share\AutoGen.Tests.Share.csproj", "{143725E2-206C-4D37-93E4-9EDF699826B2}"
EndProject
Project("{9A19103F-16F7-4668-BE54-9A1E7A4F7556}") = "AutoGen.OpenAI", "src\AutoGen.OpenAI\AutoGen.OpenAI.csproj", "{3AF1CBEC-2877-41E9-92AE-3A391B2AA9E8}"
EndProject
Project("{9A19103F-16F7-4668-BE54-9A1E7A4F7556}") = "AutoGen.OpenAI.Tests", "test\AutoGen.OpenAI.Tests\AutoGen.OpenAI.Tests.csproj", "{42A8251C-E7B3-47BB-A82E-459952EBE132}"
EndProject
Project("{2150E333-8FDC-42A3-9474-1A3956D46DE8}") = "AgentChat", "AgentChat", "{4BB66E06-37D8-45A0-9B97-DE590AFBA340}"
EndProject
Project("{2150E333-8FDC-42A3-9474-1A3956D46DE8}") = "Solution Items", "Solution Items", "{243E768F-EA7D-4AF1-B625-0398440BB1AB}"
	ProjectSection(SolutionItems) = preProject
		.editorconfig = .editorconfig
		.gitattributes = .gitattributes
		.gitignore = .gitignore
		Directory.Build.props = Directory.Build.props
		Directory.Build.targets = Directory.Build.targets
		Directory.Packages.props = Directory.Packages.props
		global.json = global.json
		NuGet.config = NuGet.config
		spelling.dic = spelling.dic
	EndProjectSection
EndProject
Project("{9A19103F-16F7-4668-BE54-9A1E7A4F7556}") = "Microsoft.AutoGen.Core", "src\Microsoft.AutoGen\Core\Microsoft.AutoGen.Core.csproj", "{FD87BD33-4616-460B-AC85-A412BA08BB78}"
EndProject
Project("{9A19103F-16F7-4668-BE54-9A1E7A4F7556}") = "Microsoft.AutoGen.Extensions.SemanticKernel", "src\Microsoft.AutoGen\Extensions\SemanticKernel\Microsoft.AutoGen.Extensions.SemanticKernel.csproj", "{952827D4-8D4C-4327-AE4D-E8D25811EF35}"
EndProject
Project("{2150E333-8FDC-42A3-9474-1A3956D46DE8}") = "AgentChat", "AgentChat", "{668726B9-77BC-45CF-B576-0F0773BF1615}"
EndProject
Project("{9A19103F-16F7-4668-BE54-9A1E7A4F7556}") = "AutoGen.Anthropic.Samples", "samples\AutoGen.Anthropic.Samples\AutoGen.Anthropic.Samples.csproj", "{84020C4A-933A-4693-9889-1B99304A7D76}"
EndProject
Project("{9A19103F-16F7-4668-BE54-9A1E7A4F7556}") = "AutoGen.BasicSample", "samples\AutoGen.BasicSamples\AutoGen.BasicSample.csproj", "{5777515F-4053-42F9-AF2B-95D8D0F5384A}"
EndProject
Project("{9A19103F-16F7-4668-BE54-9A1E7A4F7556}") = "AutoGen.Gemini.Sample", "samples\AutoGen.Gemini.Sample\AutoGen.Gemini.Sample.csproj", "{2E895A70-DF17-4C6C-BB84-F83B07C75AAD}"
EndProject
Project("{9A19103F-16F7-4668-BE54-9A1E7A4F7556}") = "AutoGen.Ollama.Sample", "samples\AutoGen.Ollama.Sample\AutoGen.Ollama.Sample.csproj", "{20DA47F2-F6C4-4503-B9D4-420994E28EF0}"
EndProject
Project("{9A19103F-16F7-4668-BE54-9A1E7A4F7556}") = "AutoGen.OpenAI.Sample", "samples\AutoGen.OpenAI.Sample\AutoGen.OpenAI.Sample.csproj", "{1F86E48B-8674-4C20-A3BE-9431049A5BEC}"
EndProject
Project("{9A19103F-16F7-4668-BE54-9A1E7A4F7556}") = "AutoGen.SemanticKernel.Sample", "samples\AutoGen.SemanticKernel.Sample\AutoGen.SemanticKernel.Sample.csproj", "{CB8824F5-9475-451F-87E8-F2AEF2490A12}"
EndProject
Project("{9A19103F-16F7-4668-BE54-9A1E7A4F7556}") = "AutoGen.WebAPI.Sample", "samples\AutoGen.WebAPI.Sample\AutoGen.WebAPI.Sample.csproj", "{4385AFCF-AB4A-49B2-BEBA-D33C950E1EE6}"
EndProject
Project("{2150E333-8FDC-42A3-9474-1A3956D46DE8}") = "DevTeam", "DevTeam", "{05B9C173-6441-4DCA-9AC4-E897EF75F331}"
EndProject
Project("{9A19103F-16F7-4668-BE54-9A1E7A4F7556}") = "DevTeam.AgentHost", "samples\dev-team\DevTeam.AgentHost\DevTeam.AgentHost.csproj", "{462A357B-7BB9-4927-A9FD-4FB7675898E9}"
EndProject
Project("{9A19103F-16F7-4668-BE54-9A1E7A4F7556}") = "DevTeam.Agents", "samples\dev-team\DevTeam.Agents\DevTeam.Agents.csproj", "{83BBB833-A2F0-4A4D-BA1B-8229FC9BCD4F}"
EndProject
Project("{9A19103F-16F7-4668-BE54-9A1E7A4F7556}") = "DevTeam.AppHost", "samples\dev-team\DevTeam.AppHost\DevTeam.AppHost.csproj", "{63280C12-3BE3-4C4E-805E-584CDC6BC1F5}"
EndProject
Project("{9A19103F-16F7-4668-BE54-9A1E7A4F7556}") = "DevTeam.Backend", "samples\dev-team\DevTeam.Backend\DevTeam.Backend.csproj", "{EDA3EF83-FC7F-4BCF-945D-B893620EE4B1}"
EndProject
Project("{9A19103F-16F7-4668-BE54-9A1E7A4F7556}") = "DevTeam.Shared", "samples\dev-team\DevTeam.Shared\DevTeam.Shared.csproj", "{01F5D7C3-41EB-409C-9B77-A945C07FA7E8}"
EndProject
Project("{2150E333-8FDC-42A3-9474-1A3956D46DE8}") = "Hello", "Hello", "{7EB336C2-7C0A-4BC8-80C6-A3173AB8DC45}"
EndProject
Project("{9A19103F-16F7-4668-BE54-9A1E7A4F7556}") = "Hello.AppHost", "samples\Hello\Hello.AppHost\Hello.AppHost.csproj", "{09A373A0-8169-409F-8C37-3FBC1654B122}"
EndProject
Project("{9A19103F-16F7-4668-BE54-9A1E7A4F7556}") = "HelloAIAgents", "samples\Hello\HelloAIAgents\HelloAIAgents.csproj", "{A20B9894-F352-4338-872A-F215A241D43D}"
EndProject
Project("{9A19103F-16F7-4668-BE54-9A1E7A4F7556}") = "HelloAgent", "samples\Hello\HelloAgent\HelloAgent.csproj", "{8F7560CF-EEBB-4333-A69F-838CA40FD85D}"
EndProject
Project("{9A19103F-16F7-4668-BE54-9A1E7A4F7556}") = "Microsoft.AutoGen.Extensions.MEAI", "src\Microsoft.AutoGen\Extensions\MEAI\Microsoft.AutoGen.Extensions.MEAI.csproj", "{97550E87-48C6-4EBF-85E1-413ABAE9DBFD}"
EndProject
Project("{2150E333-8FDC-42A3-9474-1A3956D46DE8}") = "sample", "sample", "{686480D7-8FEC-4ED3-9C5D-CEBE1057A7ED}"
EndProject
Project("{9A19103F-16F7-4668-BE54-9A1E7A4F7556}") = "HelloAgentState", "samples\Hello\HelloAgentState\HelloAgentState.csproj", "{64EF61E7-00A6-4E5E-9808-62E10993A0E5}"
EndProject
Project("{9A19103F-16F7-4668-BE54-9A1E7A4F7556}") = "Microsoft.AutoGen.Extensions.Aspire", "src\Microsoft.AutoGen\Extensions\Aspire\Microsoft.AutoGen.Extensions.Aspire.csproj", "{65059914-5527-4A00-9308-9FAF23D5E85A}"
EndProject
Project("{9A19103F-16F7-4668-BE54-9A1E7A4F7556}") = "Microsoft.AutoGen.Agents.Tests", "test\Microsoft.AutoGen.Agents.Tests\Microsoft.AutoGen.Agents.Tests.csproj", "{394FDAF8-74F9-4977-94A5-3371737EB774}"
EndProject
Project("{FAE04EC0-301F-11D3-BF4B-00C04F79EFBC}") = "Microsoft.AutoGen.Integration.Tests", "test\Microsoft.AutoGen.Integration.Tests\Microsoft.AutoGen.Integration.Tests.csproj", "{D04C6153-8EAF-4E54-9852-52CEC1BE8D31}"
EndProject
Project("{FAE04EC0-301F-11D3-BF4B-00C04F79EFBC}") = "HelloAgent.AppHost", "test\Microsoft.AutoGen.Integration.Tests.AppHosts\HelloAgent.AppHost\HelloAgent.AppHost.csproj", "{99D7766B-076F-4E6F-A8D2-3DF1DAFA2599}"
EndProject
Project("{FAE04EC0-301F-11D3-BF4B-00C04F79EFBC}") = "Microsoft.AutoGen.Contracts", "src\Microsoft.AutoGen\Contracts\Microsoft.AutoGen.Contracts.csproj", "{7F60934B-3E59-48D0-B26D-04A39FEC13EF}"
EndProject
Project("{FAE04EC0-301F-11D3-BF4B-00C04F79EFBC}") = "Microsoft.AutoGen.Core.Grpc", "src\Microsoft.AutoGen\Core.Grpc\Microsoft.AutoGen.Core.Grpc.csproj", "{9653676C-147D-4CBE-BB53-A30FD3634F4C}"
EndProject
Project("{FAE04EC0-301F-11D3-BF4B-00C04F79EFBC}") = "Microsoft.AutoGen.Runtime.Grpc", "src\Microsoft.AutoGen\Runtime.Grpc\Microsoft.AutoGen.Runtime.Grpc.csproj", "{8457B68C-CC86-4A3F-8559-C1AE199EC366}"
EndProject
Project("{FAE04EC0-301F-11D3-BF4B-00C04F79EFBC}") = "Microsoft.AutoGen.Agents", "src\Microsoft.AutoGen\Agents\Microsoft.AutoGen.Agents.csproj", "{3892C83E-7F5D-41DF-A88C-4854EAD38856}"
EndProject
Project("{FAE04EC0-301F-11D3-BF4B-00C04F79EFBC}") = "Microsoft.Autogen.AgentHost", "src\Microsoft.AutoGen\AgentHost\Microsoft.Autogen.AgentHost.csproj", "{4CB42139-DEE4-40B9-AA81-1E4CCAA2F338}"
EndProject
Global
	GlobalSection(SolutionConfigurationPlatforms) = preSolution
		Debug|Any CPU = Debug|Any CPU
		Release|Any CPU = Release|Any CPU
	EndGlobalSection
	GlobalSection(ProjectConfigurationPlatforms) = postSolution
		{B2B27ACB-AA50-4FED-A06C-3AD6B4218188}.Debug|Any CPU.ActiveCfg = Debug|Any CPU
		{B2B27ACB-AA50-4FED-A06C-3AD6B4218188}.Debug|Any CPU.Build.0 = Debug|Any CPU
		{B2B27ACB-AA50-4FED-A06C-3AD6B4218188}.Release|Any CPU.ActiveCfg = Release|Any CPU
		{B2B27ACB-AA50-4FED-A06C-3AD6B4218188}.Release|Any CPU.Build.0 = Release|Any CPU
		{FDD99AEC-4C57-4020-B23F-650612856102}.Debug|Any CPU.ActiveCfg = Debug|Any CPU
		{FDD99AEC-4C57-4020-B23F-650612856102}.Debug|Any CPU.Build.0 = Debug|Any CPU
		{FDD99AEC-4C57-4020-B23F-650612856102}.Release|Any CPU.ActiveCfg = Release|Any CPU
		{FDD99AEC-4C57-4020-B23F-650612856102}.Release|Any CPU.Build.0 = Release|Any CPU
		{3FFD14E3-D6BC-4EA7-97A2-D21733060FD6}.Debug|Any CPU.ActiveCfg = Debug|Any CPU
		{3FFD14E3-D6BC-4EA7-97A2-D21733060FD6}.Debug|Any CPU.Build.0 = Debug|Any CPU
		{3FFD14E3-D6BC-4EA7-97A2-D21733060FD6}.Release|Any CPU.ActiveCfg = Release|Any CPU
		{3FFD14E3-D6BC-4EA7-97A2-D21733060FD6}.Release|Any CPU.Build.0 = Release|Any CPU
		{05A2FAD8-03B0-4B2F-82AF-2F6BF0F050E5}.Debug|Any CPU.ActiveCfg = Debug|Any CPU
		{05A2FAD8-03B0-4B2F-82AF-2F6BF0F050E5}.Debug|Any CPU.Build.0 = Debug|Any CPU
		{05A2FAD8-03B0-4B2F-82AF-2F6BF0F050E5}.Release|Any CPU.ActiveCfg = Release|Any CPU
		{05A2FAD8-03B0-4B2F-82AF-2F6BF0F050E5}.Release|Any CPU.Build.0 = Release|Any CPU
		{B61D8008-7FB7-4C0E-8044-3A74AA63A596}.Debug|Any CPU.ActiveCfg = Debug|Any CPU
		{B61D8008-7FB7-4C0E-8044-3A74AA63A596}.Debug|Any CPU.Build.0 = Debug|Any CPU
		{B61D8008-7FB7-4C0E-8044-3A74AA63A596}.Release|Any CPU.ActiveCfg = Release|Any CPU
		{B61D8008-7FB7-4C0E-8044-3A74AA63A596}.Release|Any CPU.Build.0 = Release|Any CPU
		{F98BDA9B-8657-4BA8-9B03-BAEA454CAE60}.Debug|Any CPU.ActiveCfg = Debug|Any CPU
		{F98BDA9B-8657-4BA8-9B03-BAEA454CAE60}.Debug|Any CPU.Build.0 = Debug|Any CPU
		{F98BDA9B-8657-4BA8-9B03-BAEA454CAE60}.Release|Any CPU.ActiveCfg = Release|Any CPU
		{F98BDA9B-8657-4BA8-9B03-BAEA454CAE60}.Release|Any CPU.Build.0 = Release|Any CPU
		{45D6FC80-36F3-4967-9663-E20B63824621}.Debug|Any CPU.ActiveCfg = Debug|Any CPU
		{45D6FC80-36F3-4967-9663-E20B63824621}.Debug|Any CPU.Build.0 = Debug|Any CPU
		{45D6FC80-36F3-4967-9663-E20B63824621}.Release|Any CPU.ActiveCfg = Release|Any CPU
		{45D6FC80-36F3-4967-9663-E20B63824621}.Release|Any CPU.Build.0 = Release|Any CPU
		{D58D43D1-0617-4A3D-9932-C773E6398535}.Debug|Any CPU.ActiveCfg = Debug|Any CPU
		{D58D43D1-0617-4A3D-9932-C773E6398535}.Debug|Any CPU.Build.0 = Debug|Any CPU
		{D58D43D1-0617-4A3D-9932-C773E6398535}.Release|Any CPU.ActiveCfg = Release|Any CPU
		{D58D43D1-0617-4A3D-9932-C773E6398535}.Release|Any CPU.Build.0 = Release|Any CPU
		{63445BB7-DBB9-4AEF-9D6F-98BBE75EE1EC}.Debug|Any CPU.ActiveCfg = Debug|Any CPU
		{63445BB7-DBB9-4AEF-9D6F-98BBE75EE1EC}.Debug|Any CPU.Build.0 = Debug|Any CPU
		{63445BB7-DBB9-4AEF-9D6F-98BBE75EE1EC}.Release|Any CPU.ActiveCfg = Release|Any CPU
		{63445BB7-DBB9-4AEF-9D6F-98BBE75EE1EC}.Release|Any CPU.Build.0 = Release|Any CPU
		{6585D1A4-3D97-4D76-A688-1933B61AEB19}.Debug|Any CPU.ActiveCfg = Debug|Any CPU
		{6585D1A4-3D97-4D76-A688-1933B61AEB19}.Debug|Any CPU.Build.0 = Debug|Any CPU
		{6585D1A4-3D97-4D76-A688-1933B61AEB19}.Release|Any CPU.ActiveCfg = Release|Any CPU
		{6585D1A4-3D97-4D76-A688-1933B61AEB19}.Release|Any CPU.Build.0 = Release|Any CPU
		{15441693-3659-4868-B6C1-B106F52FF3BA}.Debug|Any CPU.ActiveCfg = Debug|Any CPU
		{15441693-3659-4868-B6C1-B106F52FF3BA}.Debug|Any CPU.Build.0 = Debug|Any CPU
		{15441693-3659-4868-B6C1-B106F52FF3BA}.Release|Any CPU.ActiveCfg = Release|Any CPU
		{15441693-3659-4868-B6C1-B106F52FF3BA}.Release|Any CPU.Build.0 = Release|Any CPU
		{257FFD71-08E5-40C7-AB04-6A81A78EB410}.Debug|Any CPU.ActiveCfg = Debug|Any CPU
		{257FFD71-08E5-40C7-AB04-6A81A78EB410}.Debug|Any CPU.Build.0 = Debug|Any CPU
		{257FFD71-08E5-40C7-AB04-6A81A78EB410}.Release|Any CPU.ActiveCfg = Release|Any CPU
		{257FFD71-08E5-40C7-AB04-6A81A78EB410}.Release|Any CPU.Build.0 = Release|Any CPU
		{E2EF5E66-683C-4DDC-8ADA-5F676502B9BA}.Debug|Any CPU.ActiveCfg = Debug|Any CPU
		{E2EF5E66-683C-4DDC-8ADA-5F676502B9BA}.Debug|Any CPU.Build.0 = Debug|Any CPU
		{E2EF5E66-683C-4DDC-8ADA-5F676502B9BA}.Release|Any CPU.ActiveCfg = Release|Any CPU
		{E2EF5E66-683C-4DDC-8ADA-5F676502B9BA}.Release|Any CPU.Build.0 = Release|Any CPU
		{1DFABC4A-8458-4875-8DCB-59F3802DAC65}.Debug|Any CPU.ActiveCfg = Debug|Any CPU
		{1DFABC4A-8458-4875-8DCB-59F3802DAC65}.Debug|Any CPU.Build.0 = Debug|Any CPU
		{1DFABC4A-8458-4875-8DCB-59F3802DAC65}.Release|Any CPU.ActiveCfg = Release|Any CPU
		{1DFABC4A-8458-4875-8DCB-59F3802DAC65}.Release|Any CPU.Build.0 = Release|Any CPU
		{D36A85F9-C172-487D-8192-6BFE5D05B4A7}.Debug|Any CPU.ActiveCfg = Debug|Any CPU
		{D36A85F9-C172-487D-8192-6BFE5D05B4A7}.Debug|Any CPU.Build.0 = Debug|Any CPU
		{D36A85F9-C172-487D-8192-6BFE5D05B4A7}.Release|Any CPU.ActiveCfg = Release|Any CPU
		{D36A85F9-C172-487D-8192-6BFE5D05B4A7}.Release|Any CPU.Build.0 = Release|Any CPU
		{B61388CA-DC73-4B7F-A7B2-7B9A86C9229E}.Debug|Any CPU.ActiveCfg = Debug|Any CPU
		{B61388CA-DC73-4B7F-A7B2-7B9A86C9229E}.Debug|Any CPU.Build.0 = Debug|Any CPU
		{B61388CA-DC73-4B7F-A7B2-7B9A86C9229E}.Release|Any CPU.ActiveCfg = Release|Any CPU
		{B61388CA-DC73-4B7F-A7B2-7B9A86C9229E}.Release|Any CPU.Build.0 = Release|Any CPU
		{9F9E6DED-3D92-4970-909A-70FC11F1A665}.Debug|Any CPU.ActiveCfg = Debug|Any CPU
		{9F9E6DED-3D92-4970-909A-70FC11F1A665}.Debug|Any CPU.Build.0 = Debug|Any CPU
		{9F9E6DED-3D92-4970-909A-70FC11F1A665}.Release|Any CPU.ActiveCfg = Release|Any CPU
		{9F9E6DED-3D92-4970-909A-70FC11F1A665}.Release|Any CPU.Build.0 = Release|Any CPU
		{03E31CAA-3728-48D3-B936-9F11CF6C18FE}.Debug|Any CPU.ActiveCfg = Debug|Any CPU
		{03E31CAA-3728-48D3-B936-9F11CF6C18FE}.Debug|Any CPU.Build.0 = Debug|Any CPU
		{03E31CAA-3728-48D3-B936-9F11CF6C18FE}.Release|Any CPU.ActiveCfg = Release|Any CPU
		{03E31CAA-3728-48D3-B936-9F11CF6C18FE}.Release|Any CPU.Build.0 = Release|Any CPU
		{6A95E113-B824-4524-8F13-CD0C3E1C8804}.Debug|Any CPU.ActiveCfg = Debug|Any CPU
		{6A95E113-B824-4524-8F13-CD0C3E1C8804}.Debug|Any CPU.Build.0 = Debug|Any CPU
		{6A95E113-B824-4524-8F13-CD0C3E1C8804}.Release|Any CPU.ActiveCfg = Release|Any CPU
		{6A95E113-B824-4524-8F13-CD0C3E1C8804}.Release|Any CPU.Build.0 = Release|Any CPU
		{815E937E-86D6-4476-9EC6-B7FBCBBB5DB6}.Debug|Any CPU.ActiveCfg = Debug|Any CPU
		{815E937E-86D6-4476-9EC6-B7FBCBBB5DB6}.Debug|Any CPU.Build.0 = Debug|Any CPU
		{815E937E-86D6-4476-9EC6-B7FBCBBB5DB6}.Release|Any CPU.ActiveCfg = Release|Any CPU
		{815E937E-86D6-4476-9EC6-B7FBCBBB5DB6}.Release|Any CPU.Build.0 = Release|Any CPU
		{EFE0DC86-80FC-4D52-95B7-07654BA1A769}.Debug|Any CPU.ActiveCfg = Debug|Any CPU
		{EFE0DC86-80FC-4D52-95B7-07654BA1A769}.Debug|Any CPU.Build.0 = Debug|Any CPU
		{EFE0DC86-80FC-4D52-95B7-07654BA1A769}.Release|Any CPU.ActiveCfg = Release|Any CPU
		{EFE0DC86-80FC-4D52-95B7-07654BA1A769}.Release|Any CPU.Build.0 = Release|Any CPU
		{8EA16BAB-465A-4C07-ABC4-1070D40067E9}.Debug|Any CPU.ActiveCfg = Debug|Any CPU
		{8EA16BAB-465A-4C07-ABC4-1070D40067E9}.Debug|Any CPU.Build.0 = Debug|Any CPU
		{8EA16BAB-465A-4C07-ABC4-1070D40067E9}.Release|Any CPU.ActiveCfg = Release|Any CPU
		{8EA16BAB-465A-4C07-ABC4-1070D40067E9}.Release|Any CPU.Build.0 = Release|Any CPU
		{6B82F26D-5040-4453-B21B-C8D1F913CE4C}.Debug|Any CPU.ActiveCfg = Debug|Any CPU
		{6B82F26D-5040-4453-B21B-C8D1F913CE4C}.Debug|Any CPU.Build.0 = Debug|Any CPU
		{6B82F26D-5040-4453-B21B-C8D1F913CE4C}.Release|Any CPU.ActiveCfg = Release|Any CPU
		{6B82F26D-5040-4453-B21B-C8D1F913CE4C}.Release|Any CPU.Build.0 = Release|Any CPU
		{5C45981D-1319-4C25-935C-83D411CB28DF}.Debug|Any CPU.ActiveCfg = Debug|Any CPU
		{5C45981D-1319-4C25-935C-83D411CB28DF}.Debug|Any CPU.Build.0 = Debug|Any CPU
		{5C45981D-1319-4C25-935C-83D411CB28DF}.Release|Any CPU.ActiveCfg = Release|Any CPU
		{5C45981D-1319-4C25-935C-83D411CB28DF}.Release|Any CPU.Build.0 = Release|Any CPU
		{5970868F-831E-418F-89A9-4EC599563E16}.Debug|Any CPU.ActiveCfg = Debug|Any CPU
		{5970868F-831E-418F-89A9-4EC599563E16}.Debug|Any CPU.Build.0 = Debug|Any CPU
		{5970868F-831E-418F-89A9-4EC599563E16}.Release|Any CPU.ActiveCfg = Release|Any CPU
		{5970868F-831E-418F-89A9-4EC599563E16}.Release|Any CPU.Build.0 = Release|Any CPU
		{143725E2-206C-4D37-93E4-9EDF699826B2}.Debug|Any CPU.ActiveCfg = Debug|Any CPU
		{143725E2-206C-4D37-93E4-9EDF699826B2}.Debug|Any CPU.Build.0 = Debug|Any CPU
		{143725E2-206C-4D37-93E4-9EDF699826B2}.Release|Any CPU.ActiveCfg = Release|Any CPU
		{143725E2-206C-4D37-93E4-9EDF699826B2}.Release|Any CPU.Build.0 = Release|Any CPU
		{3AF1CBEC-2877-41E9-92AE-3A391B2AA9E8}.Debug|Any CPU.ActiveCfg = Debug|Any CPU
		{3AF1CBEC-2877-41E9-92AE-3A391B2AA9E8}.Debug|Any CPU.Build.0 = Debug|Any CPU
		{3AF1CBEC-2877-41E9-92AE-3A391B2AA9E8}.Release|Any CPU.ActiveCfg = Release|Any CPU
		{3AF1CBEC-2877-41E9-92AE-3A391B2AA9E8}.Release|Any CPU.Build.0 = Release|Any CPU
		{42A8251C-E7B3-47BB-A82E-459952EBE132}.Debug|Any CPU.ActiveCfg = Debug|Any CPU
		{42A8251C-E7B3-47BB-A82E-459952EBE132}.Debug|Any CPU.Build.0 = Debug|Any CPU
		{42A8251C-E7B3-47BB-A82E-459952EBE132}.Release|Any CPU.ActiveCfg = Release|Any CPU
		{42A8251C-E7B3-47BB-A82E-459952EBE132}.Release|Any CPU.Build.0 = Release|Any CPU
		{FD87BD33-4616-460B-AC85-A412BA08BB78}.Debug|Any CPU.ActiveCfg = Debug|Any CPU
		{FD87BD33-4616-460B-AC85-A412BA08BB78}.Debug|Any CPU.Build.0 = Debug|Any CPU
		{FD87BD33-4616-460B-AC85-A412BA08BB78}.Release|Any CPU.ActiveCfg = Release|Any CPU
		{FD87BD33-4616-460B-AC85-A412BA08BB78}.Release|Any CPU.Build.0 = Release|Any CPU
		{952827D4-8D4C-4327-AE4D-E8D25811EF35}.Debug|Any CPU.ActiveCfg = Debug|Any CPU
		{952827D4-8D4C-4327-AE4D-E8D25811EF35}.Debug|Any CPU.Build.0 = Debug|Any CPU
		{952827D4-8D4C-4327-AE4D-E8D25811EF35}.Release|Any CPU.ActiveCfg = Release|Any CPU
		{952827D4-8D4C-4327-AE4D-E8D25811EF35}.Release|Any CPU.Build.0 = Release|Any CPU
		{84020C4A-933A-4693-9889-1B99304A7D76}.Debug|Any CPU.ActiveCfg = Debug|Any CPU
		{84020C4A-933A-4693-9889-1B99304A7D76}.Debug|Any CPU.Build.0 = Debug|Any CPU
		{84020C4A-933A-4693-9889-1B99304A7D76}.Release|Any CPU.ActiveCfg = Release|Any CPU
		{84020C4A-933A-4693-9889-1B99304A7D76}.Release|Any CPU.Build.0 = Release|Any CPU
		{5777515F-4053-42F9-AF2B-95D8D0F5384A}.Debug|Any CPU.ActiveCfg = Debug|Any CPU
		{5777515F-4053-42F9-AF2B-95D8D0F5384A}.Debug|Any CPU.Build.0 = Debug|Any CPU
		{5777515F-4053-42F9-AF2B-95D8D0F5384A}.Release|Any CPU.ActiveCfg = Release|Any CPU
		{5777515F-4053-42F9-AF2B-95D8D0F5384A}.Release|Any CPU.Build.0 = Release|Any CPU
		{2E895A70-DF17-4C6C-BB84-F83B07C75AAD}.Debug|Any CPU.ActiveCfg = Debug|Any CPU
		{2E895A70-DF17-4C6C-BB84-F83B07C75AAD}.Debug|Any CPU.Build.0 = Debug|Any CPU
		{2E895A70-DF17-4C6C-BB84-F83B07C75AAD}.Release|Any CPU.ActiveCfg = Release|Any CPU
		{2E895A70-DF17-4C6C-BB84-F83B07C75AAD}.Release|Any CPU.Build.0 = Release|Any CPU
		{20DA47F2-F6C4-4503-B9D4-420994E28EF0}.Debug|Any CPU.ActiveCfg = Debug|Any CPU
		{20DA47F2-F6C4-4503-B9D4-420994E28EF0}.Debug|Any CPU.Build.0 = Debug|Any CPU
		{20DA47F2-F6C4-4503-B9D4-420994E28EF0}.Release|Any CPU.ActiveCfg = Release|Any CPU
		{20DA47F2-F6C4-4503-B9D4-420994E28EF0}.Release|Any CPU.Build.0 = Release|Any CPU
		{1F86E48B-8674-4C20-A3BE-9431049A5BEC}.Debug|Any CPU.ActiveCfg = Debug|Any CPU
		{1F86E48B-8674-4C20-A3BE-9431049A5BEC}.Debug|Any CPU.Build.0 = Debug|Any CPU
		{1F86E48B-8674-4C20-A3BE-9431049A5BEC}.Release|Any CPU.ActiveCfg = Release|Any CPU
		{1F86E48B-8674-4C20-A3BE-9431049A5BEC}.Release|Any CPU.Build.0 = Release|Any CPU
		{CB8824F5-9475-451F-87E8-F2AEF2490A12}.Debug|Any CPU.ActiveCfg = Debug|Any CPU
		{CB8824F5-9475-451F-87E8-F2AEF2490A12}.Debug|Any CPU.Build.0 = Debug|Any CPU
		{CB8824F5-9475-451F-87E8-F2AEF2490A12}.Release|Any CPU.ActiveCfg = Release|Any CPU
		{CB8824F5-9475-451F-87E8-F2AEF2490A12}.Release|Any CPU.Build.0 = Release|Any CPU
		{4385AFCF-AB4A-49B2-BEBA-D33C950E1EE6}.Debug|Any CPU.ActiveCfg = Debug|Any CPU
		{4385AFCF-AB4A-49B2-BEBA-D33C950E1EE6}.Debug|Any CPU.Build.0 = Debug|Any CPU
		{4385AFCF-AB4A-49B2-BEBA-D33C950E1EE6}.Release|Any CPU.ActiveCfg = Release|Any CPU
		{4385AFCF-AB4A-49B2-BEBA-D33C950E1EE6}.Release|Any CPU.Build.0 = Release|Any CPU
		{462A357B-7BB9-4927-A9FD-4FB7675898E9}.Debug|Any CPU.ActiveCfg = Debug|Any CPU
		{462A357B-7BB9-4927-A9FD-4FB7675898E9}.Debug|Any CPU.Build.0 = Debug|Any CPU
		{462A357B-7BB9-4927-A9FD-4FB7675898E9}.Release|Any CPU.ActiveCfg = Release|Any CPU
		{462A357B-7BB9-4927-A9FD-4FB7675898E9}.Release|Any CPU.Build.0 = Release|Any CPU
		{83BBB833-A2F0-4A4D-BA1B-8229FC9BCD4F}.Debug|Any CPU.ActiveCfg = Debug|Any CPU
		{83BBB833-A2F0-4A4D-BA1B-8229FC9BCD4F}.Debug|Any CPU.Build.0 = Debug|Any CPU
		{83BBB833-A2F0-4A4D-BA1B-8229FC9BCD4F}.Release|Any CPU.ActiveCfg = Release|Any CPU
		{83BBB833-A2F0-4A4D-BA1B-8229FC9BCD4F}.Release|Any CPU.Build.0 = Release|Any CPU
		{63280C12-3BE3-4C4E-805E-584CDC6BC1F5}.Debug|Any CPU.ActiveCfg = Debug|Any CPU
		{63280C12-3BE3-4C4E-805E-584CDC6BC1F5}.Debug|Any CPU.Build.0 = Debug|Any CPU
		{63280C12-3BE3-4C4E-805E-584CDC6BC1F5}.Release|Any CPU.ActiveCfg = Release|Any CPU
		{63280C12-3BE3-4C4E-805E-584CDC6BC1F5}.Release|Any CPU.Build.0 = Release|Any CPU
		{EDA3EF83-FC7F-4BCF-945D-B893620EE4B1}.Debug|Any CPU.ActiveCfg = Debug|Any CPU
		{EDA3EF83-FC7F-4BCF-945D-B893620EE4B1}.Debug|Any CPU.Build.0 = Debug|Any CPU
		{EDA3EF83-FC7F-4BCF-945D-B893620EE4B1}.Release|Any CPU.ActiveCfg = Release|Any CPU
		{EDA3EF83-FC7F-4BCF-945D-B893620EE4B1}.Release|Any CPU.Build.0 = Release|Any CPU
		{01F5D7C3-41EB-409C-9B77-A945C07FA7E8}.Debug|Any CPU.ActiveCfg = Debug|Any CPU
		{01F5D7C3-41EB-409C-9B77-A945C07FA7E8}.Debug|Any CPU.Build.0 = Debug|Any CPU
		{01F5D7C3-41EB-409C-9B77-A945C07FA7E8}.Release|Any CPU.ActiveCfg = Release|Any CPU
		{01F5D7C3-41EB-409C-9B77-A945C07FA7E8}.Release|Any CPU.Build.0 = Release|Any CPU
		{09A373A0-8169-409F-8C37-3FBC1654B122}.Debug|Any CPU.ActiveCfg = Debug|Any CPU
		{09A373A0-8169-409F-8C37-3FBC1654B122}.Debug|Any CPU.Build.0 = Debug|Any CPU
		{09A373A0-8169-409F-8C37-3FBC1654B122}.Release|Any CPU.ActiveCfg = Release|Any CPU
		{09A373A0-8169-409F-8C37-3FBC1654B122}.Release|Any CPU.Build.0 = Release|Any CPU
		{A20B9894-F352-4338-872A-F215A241D43D}.Debug|Any CPU.ActiveCfg = Debug|Any CPU
		{A20B9894-F352-4338-872A-F215A241D43D}.Debug|Any CPU.Build.0 = Debug|Any CPU
		{A20B9894-F352-4338-872A-F215A241D43D}.Release|Any CPU.ActiveCfg = Release|Any CPU
		{A20B9894-F352-4338-872A-F215A241D43D}.Release|Any CPU.Build.0 = Release|Any CPU
		{8F7560CF-EEBB-4333-A69F-838CA40FD85D}.Debug|Any CPU.ActiveCfg = Debug|Any CPU
		{8F7560CF-EEBB-4333-A69F-838CA40FD85D}.Debug|Any CPU.Build.0 = Debug|Any CPU
		{8F7560CF-EEBB-4333-A69F-838CA40FD85D}.Release|Any CPU.ActiveCfg = Release|Any CPU
		{8F7560CF-EEBB-4333-A69F-838CA40FD85D}.Release|Any CPU.Build.0 = Release|Any CPU
		{97550E87-48C6-4EBF-85E1-413ABAE9DBFD}.Debug|Any CPU.ActiveCfg = Debug|Any CPU
		{97550E87-48C6-4EBF-85E1-413ABAE9DBFD}.Debug|Any CPU.Build.0 = Debug|Any CPU
		{97550E87-48C6-4EBF-85E1-413ABAE9DBFD}.Release|Any CPU.ActiveCfg = Release|Any CPU
		{97550E87-48C6-4EBF-85E1-413ABAE9DBFD}.Release|Any CPU.Build.0 = Release|Any CPU
		{64EF61E7-00A6-4E5E-9808-62E10993A0E5}.Debug|Any CPU.ActiveCfg = Debug|Any CPU
		{64EF61E7-00A6-4E5E-9808-62E10993A0E5}.Debug|Any CPU.Build.0 = Debug|Any CPU
		{64EF61E7-00A6-4E5E-9808-62E10993A0E5}.Release|Any CPU.ActiveCfg = Release|Any CPU
		{64EF61E7-00A6-4E5E-9808-62E10993A0E5}.Release|Any CPU.Build.0 = Release|Any CPU
		{65059914-5527-4A00-9308-9FAF23D5E85A}.Debug|Any CPU.ActiveCfg = Debug|Any CPU
		{65059914-5527-4A00-9308-9FAF23D5E85A}.Debug|Any CPU.Build.0 = Debug|Any CPU
		{65059914-5527-4A00-9308-9FAF23D5E85A}.Release|Any CPU.ActiveCfg = Release|Any CPU
		{65059914-5527-4A00-9308-9FAF23D5E85A}.Release|Any CPU.Build.0 = Release|Any CPU
		{394FDAF8-74F9-4977-94A5-3371737EB774}.Debug|Any CPU.ActiveCfg = Debug|Any CPU
		{394FDAF8-74F9-4977-94A5-3371737EB774}.Debug|Any CPU.Build.0 = Debug|Any CPU
		{394FDAF8-74F9-4977-94A5-3371737EB774}.Release|Any CPU.ActiveCfg = Release|Any CPU
		{394FDAF8-74F9-4977-94A5-3371737EB774}.Release|Any CPU.Build.0 = Release|Any CPU
		{D04C6153-8EAF-4E54-9852-52CEC1BE8D31}.Debug|Any CPU.ActiveCfg = Debug|Any CPU
		{D04C6153-8EAF-4E54-9852-52CEC1BE8D31}.Debug|Any CPU.Build.0 = Debug|Any CPU
		{D04C6153-8EAF-4E54-9852-52CEC1BE8D31}.Release|Any CPU.ActiveCfg = Release|Any CPU
		{D04C6153-8EAF-4E54-9852-52CEC1BE8D31}.Release|Any CPU.Build.0 = Release|Any CPU
		{99D7766B-076F-4E6F-A8D2-3DF1DAFA2599}.Debug|Any CPU.ActiveCfg = Debug|Any CPU
		{99D7766B-076F-4E6F-A8D2-3DF1DAFA2599}.Debug|Any CPU.Build.0 = Debug|Any CPU
		{99D7766B-076F-4E6F-A8D2-3DF1DAFA2599}.Release|Any CPU.ActiveCfg = Release|Any CPU
		{99D7766B-076F-4E6F-A8D2-3DF1DAFA2599}.Release|Any CPU.Build.0 = Release|Any CPU
		{7F60934B-3E59-48D0-B26D-04A39FEC13EF}.Debug|Any CPU.ActiveCfg = Debug|Any CPU
		{7F60934B-3E59-48D0-B26D-04A39FEC13EF}.Debug|Any CPU.Build.0 = Debug|Any CPU
		{7F60934B-3E59-48D0-B26D-04A39FEC13EF}.Release|Any CPU.ActiveCfg = Release|Any CPU
		{7F60934B-3E59-48D0-B26D-04A39FEC13EF}.Release|Any CPU.Build.0 = Release|Any CPU
		{9653676C-147D-4CBE-BB53-A30FD3634F4C}.Debug|Any CPU.ActiveCfg = Debug|Any CPU
		{9653676C-147D-4CBE-BB53-A30FD3634F4C}.Debug|Any CPU.Build.0 = Debug|Any CPU
		{9653676C-147D-4CBE-BB53-A30FD3634F4C}.Release|Any CPU.ActiveCfg = Release|Any CPU
		{9653676C-147D-4CBE-BB53-A30FD3634F4C}.Release|Any CPU.Build.0 = Release|Any CPU
		{8457B68C-CC86-4A3F-8559-C1AE199EC366}.Debug|Any CPU.ActiveCfg = Debug|Any CPU
		{8457B68C-CC86-4A3F-8559-C1AE199EC366}.Debug|Any CPU.Build.0 = Debug|Any CPU
		{8457B68C-CC86-4A3F-8559-C1AE199EC366}.Release|Any CPU.ActiveCfg = Release|Any CPU
		{8457B68C-CC86-4A3F-8559-C1AE199EC366}.Release|Any CPU.Build.0 = Release|Any CPU
		{3892C83E-7F5D-41DF-A88C-4854EAD38856}.Debug|Any CPU.ActiveCfg = Debug|Any CPU
		{3892C83E-7F5D-41DF-A88C-4854EAD38856}.Debug|Any CPU.Build.0 = Debug|Any CPU
		{3892C83E-7F5D-41DF-A88C-4854EAD38856}.Release|Any CPU.ActiveCfg = Release|Any CPU
		{3892C83E-7F5D-41DF-A88C-4854EAD38856}.Release|Any CPU.Build.0 = Release|Any CPU
		{4CB42139-DEE4-40B9-AA81-1E4CCAA2F338}.Debug|Any CPU.ActiveCfg = Debug|Any CPU
		{4CB42139-DEE4-40B9-AA81-1E4CCAA2F338}.Debug|Any CPU.Build.0 = Debug|Any CPU
		{4CB42139-DEE4-40B9-AA81-1E4CCAA2F338}.Release|Any CPU.ActiveCfg = Release|Any CPU
		{4CB42139-DEE4-40B9-AA81-1E4CCAA2F338}.Release|Any CPU.Build.0 = Release|Any CPU
	EndGlobalSection
	GlobalSection(SolutionProperties) = preSolution
		HideSolutionNode = FALSE
	EndGlobalSection
	GlobalSection(NestedProjects) = preSolution
		{B2B27ACB-AA50-4FED-A06C-3AD6B4218188} = {4BB66E06-37D8-45A0-9B97-DE590AFBA340}
		{FDD99AEC-4C57-4020-B23F-650612856102} = {F823671B-3ECA-4AE6-86DA-25E920D3FE64}
		{3FFD14E3-D6BC-4EA7-97A2-D21733060FD6} = {4BB66E06-37D8-45A0-9B97-DE590AFBA340}
		{05A2FAD8-03B0-4B2F-82AF-2F6BF0F050E5} = {F823671B-3ECA-4AE6-86DA-25E920D3FE64}
		{B61D8008-7FB7-4C0E-8044-3A74AA63A596} = {4BB66E06-37D8-45A0-9B97-DE590AFBA340}
		{F98BDA9B-8657-4BA8-9B03-BAEA454CAE60} = {4BB66E06-37D8-45A0-9B97-DE590AFBA340}
		{45D6FC80-36F3-4967-9663-E20B63824621} = {4BB66E06-37D8-45A0-9B97-DE590AFBA340}
		{D58D43D1-0617-4A3D-9932-C773E6398535} = {4BB66E06-37D8-45A0-9B97-DE590AFBA340}
		{63445BB7-DBB9-4AEF-9D6F-98BBE75EE1EC} = {4BB66E06-37D8-45A0-9B97-DE590AFBA340}
		{6585D1A4-3D97-4D76-A688-1933B61AEB19} = {4BB66E06-37D8-45A0-9B97-DE590AFBA340}
		{15441693-3659-4868-B6C1-B106F52FF3BA} = {F823671B-3ECA-4AE6-86DA-25E920D3FE64}
		{257FFD71-08E5-40C7-AB04-6A81A78EB410} = {4BB66E06-37D8-45A0-9B97-DE590AFBA340}
		{E2EF5E66-683C-4DDC-8ADA-5F676502B9BA} = {F823671B-3ECA-4AE6-86DA-25E920D3FE64}
		{1DFABC4A-8458-4875-8DCB-59F3802DAC65} = {F823671B-3ECA-4AE6-86DA-25E920D3FE64}
		{D36A85F9-C172-487D-8192-6BFE5D05B4A7} = {F823671B-3ECA-4AE6-86DA-25E920D3FE64}
		{B61388CA-DC73-4B7F-A7B2-7B9A86C9229E} = {F823671B-3ECA-4AE6-86DA-25E920D3FE64}
		{9F9E6DED-3D92-4970-909A-70FC11F1A665} = {4BB66E06-37D8-45A0-9B97-DE590AFBA340}
		{03E31CAA-3728-48D3-B936-9F11CF6C18FE} = {F823671B-3ECA-4AE6-86DA-25E920D3FE64}
		{6A95E113-B824-4524-8F13-CD0C3E1C8804} = {4BB66E06-37D8-45A0-9B97-DE590AFBA340}
		{815E937E-86D6-4476-9EC6-B7FBCBBB5DB6} = {F823671B-3ECA-4AE6-86DA-25E920D3FE64}
		{EFE0DC86-80FC-4D52-95B7-07654BA1A769} = {4BB66E06-37D8-45A0-9B97-DE590AFBA340}
		{8EA16BAB-465A-4C07-ABC4-1070D40067E9} = {F823671B-3ECA-4AE6-86DA-25E920D3FE64}
		{6B82F26D-5040-4453-B21B-C8D1F913CE4C} = {F823671B-3ECA-4AE6-86DA-25E920D3FE64}
		{5C45981D-1319-4C25-935C-83D411CB28DF} = {4BB66E06-37D8-45A0-9B97-DE590AFBA340}
		{5970868F-831E-418F-89A9-4EC599563E16} = {F823671B-3ECA-4AE6-86DA-25E920D3FE64}
		{143725E2-206C-4D37-93E4-9EDF699826B2} = {F823671B-3ECA-4AE6-86DA-25E920D3FE64}
		{3AF1CBEC-2877-41E9-92AE-3A391B2AA9E8} = {4BB66E06-37D8-45A0-9B97-DE590AFBA340}
		{42A8251C-E7B3-47BB-A82E-459952EBE132} = {F823671B-3ECA-4AE6-86DA-25E920D3FE64}
		{4BB66E06-37D8-45A0-9B97-DE590AFBA340} = {18BF8DD7-0585-48BF-8F97-AD333080CE06}
		{FD87BD33-4616-460B-AC85-A412BA08BB78} = {18BF8DD7-0585-48BF-8F97-AD333080CE06}
		{952827D4-8D4C-4327-AE4D-E8D25811EF35} = {18BF8DD7-0585-48BF-8F97-AD333080CE06}
		{668726B9-77BC-45CF-B576-0F0773BF1615} = {686480D7-8FEC-4ED3-9C5D-CEBE1057A7ED}
		{84020C4A-933A-4693-9889-1B99304A7D76} = {668726B9-77BC-45CF-B576-0F0773BF1615}
		{5777515F-4053-42F9-AF2B-95D8D0F5384A} = {668726B9-77BC-45CF-B576-0F0773BF1615}
		{2E895A70-DF17-4C6C-BB84-F83B07C75AAD} = {668726B9-77BC-45CF-B576-0F0773BF1615}
		{20DA47F2-F6C4-4503-B9D4-420994E28EF0} = {668726B9-77BC-45CF-B576-0F0773BF1615}
		{1F86E48B-8674-4C20-A3BE-9431049A5BEC} = {668726B9-77BC-45CF-B576-0F0773BF1615}
		{CB8824F5-9475-451F-87E8-F2AEF2490A12} = {668726B9-77BC-45CF-B576-0F0773BF1615}
		{4385AFCF-AB4A-49B2-BEBA-D33C950E1EE6} = {668726B9-77BC-45CF-B576-0F0773BF1615}
		{05B9C173-6441-4DCA-9AC4-E897EF75F331} = {686480D7-8FEC-4ED3-9C5D-CEBE1057A7ED}
		{462A357B-7BB9-4927-A9FD-4FB7675898E9} = {05B9C173-6441-4DCA-9AC4-E897EF75F331}
		{83BBB833-A2F0-4A4D-BA1B-8229FC9BCD4F} = {05B9C173-6441-4DCA-9AC4-E897EF75F331}
		{63280C12-3BE3-4C4E-805E-584CDC6BC1F5} = {05B9C173-6441-4DCA-9AC4-E897EF75F331}
		{EDA3EF83-FC7F-4BCF-945D-B893620EE4B1} = {05B9C173-6441-4DCA-9AC4-E897EF75F331}
		{01F5D7C3-41EB-409C-9B77-A945C07FA7E8} = {05B9C173-6441-4DCA-9AC4-E897EF75F331}
		{7EB336C2-7C0A-4BC8-80C6-A3173AB8DC45} = {686480D7-8FEC-4ED3-9C5D-CEBE1057A7ED}
		{09A373A0-8169-409F-8C37-3FBC1654B122} = {7EB336C2-7C0A-4BC8-80C6-A3173AB8DC45}
		{A20B9894-F352-4338-872A-F215A241D43D} = {7EB336C2-7C0A-4BC8-80C6-A3173AB8DC45}
		{8F7560CF-EEBB-4333-A69F-838CA40FD85D} = {7EB336C2-7C0A-4BC8-80C6-A3173AB8DC45}
		{97550E87-48C6-4EBF-85E1-413ABAE9DBFD} = {18BF8DD7-0585-48BF-8F97-AD333080CE06}
		{64EF61E7-00A6-4E5E-9808-62E10993A0E5} = {7EB336C2-7C0A-4BC8-80C6-A3173AB8DC45}
		{65059914-5527-4A00-9308-9FAF23D5E85A} = {18BF8DD7-0585-48BF-8F97-AD333080CE06}
		{394FDAF8-74F9-4977-94A5-3371737EB774} = {F823671B-3ECA-4AE6-86DA-25E920D3FE64}
		{D04C6153-8EAF-4E54-9852-52CEC1BE8D31} = {F823671B-3ECA-4AE6-86DA-25E920D3FE64}
		{99D7766B-076F-4E6F-A8D2-3DF1DAFA2599} = {F823671B-3ECA-4AE6-86DA-25E920D3FE64}
		{7F60934B-3E59-48D0-B26D-04A39FEC13EF} = {18BF8DD7-0585-48BF-8F97-AD333080CE06}
		{9653676C-147D-4CBE-BB53-A30FD3634F4C} = {18BF8DD7-0585-48BF-8F97-AD333080CE06}
		{8457B68C-CC86-4A3F-8559-C1AE199EC366} = {18BF8DD7-0585-48BF-8F97-AD333080CE06}
		{3892C83E-7F5D-41DF-A88C-4854EAD38856} = {18BF8DD7-0585-48BF-8F97-AD333080CE06}
		{4CB42139-DEE4-40B9-AA81-1E4CCAA2F338} = {18BF8DD7-0585-48BF-8F97-AD333080CE06}
	EndGlobalSection
	GlobalSection(ExtensibilityGlobals) = postSolution
		SolutionGuid = {93384647-528D-46C8-922C-8DB36A382F0B}
	EndGlobalSection
EndGlobal
