
Microsoft Visual Studio Solution File, Format Version 12.00
# Visual Studio Version 17
VisualStudioVersion = 17.11.35327.3
MinimumVisualStudioVersion = 10.0.40219.1
Project("{9A19103F-16F7-4668-BE54-9A1E7A4F7556}") = "DevTeam.AgentHost", "DevTeam.AgentHost\DevTeam.AgentHost.csproj", "{A6FC8B01-A177-4690-BD16-73EE3D0C06A0}"
EndProject
Project("{9A19103F-16F7-4668-BE54-9A1E7A4F7556}") = "DevTeam.Backend", "DevTeam.Backend\DevTeam.Backend.csproj", "{2D4BAD10-85F3-4E4B-B759-13449A212A96}"
EndProject
Project("{9A19103F-16F7-4668-BE54-9A1E7A4F7556}") = "DevTeam.Agents", "DevTeam.Agents\DevTeam.Agents.csproj", "{A51CE540-72B0-4271-B63D-A30CAB61C227}"
EndProject
Project("{9A19103F-16F7-4668-BE54-9A1E7A4F7556}") = "DevTeam.AppHost", "DevTeam.AppHost\DevTeam.AppHost.csproj", "{2B8A3C64-9F4E-4CC5-9466-AFFD8E676D2E}"
EndProject
Project("{9A19103F-16F7-4668-BE54-9A1E7A4F7556}") = "DevTeam.Shared", "DevTeam.Shared\DevTeam.Shared.csproj", "{557701A5-35D8-4CE3-BA75-D5412B4227F5}"
EndProject
Global
	GlobalSection(SolutionConfigurationPlatforms) = preSolution
		Debug|Any CPU = Debug|Any CPU
		Release|Any CPU = Release|Any CPU
	EndGlobalSection
	GlobalSection(ProjectConfigurationPlatforms) = postSolution
		{A6FC8B01-A177-4690-BD16-73EE3D0C06A0}.Debug|Any CPU.ActiveCfg = Debug|Any CPU
		{A6FC8B01-A177-4690-BD16-73EE3D0C06A0}.Debug|Any CPU.Build.0 = Debug|Any CPU
		{A6FC8B01-A177-4690-BD16-73EE3D0C06A0}.Release|Any CPU.ActiveCfg = Release|Any CPU
		{A6FC8B01-A177-4690-BD16-73EE3D0C06A0}.Release|Any CPU.Build.0 = Release|Any CPU
		{2D4BAD10-85F3-4E4B-B759-13449A212A96}.Debug|Any CPU.ActiveCfg = Debug|Any CPU
		{2D4BAD10-85F3-4E4B-B759-13449A212A96}.Debug|Any CPU.Build.0 = Debug|Any CPU
		{2D4BAD10-85F3-4E4B-B759-13449A212A96}.Release|Any CPU.ActiveCfg = Release|Any CPU
		{2D4BAD10-85F3-4E4B-B759-13449A212A96}.Release|Any CPU.Build.0 = Release|Any CPU
		{A51CE540-72B0-4271-B63D-A30CAB61C227}.Debug|Any CPU.ActiveCfg = Debug|Any CPU
		{A51CE540-72B0-4271-B63D-A30CAB61C227}.Debug|Any CPU.Build.0 = Debug|Any CPU
		{A51CE540-72B0-4271-B63D-A30CAB61C227}.Release|Any CPU.ActiveCfg = Release|Any CPU
		{A51CE540-72B0-4271-B63D-A30CAB61C227}.Release|Any CPU.Build.0 = Release|Any CPU
		{2B8A3C64-9F4E-4CC5-9466-AFFD8E676D2E}.Debug|Any CPU.ActiveCfg = Debug|Any CPU
		{2B8A3C64-9F4E-4CC5-9466-AFFD8E676D2E}.Debug|Any CPU.Build.0 = Debug|Any CPU
		{2B8A3C64-9F4E-4CC5-9466-AFFD8E676D2E}.Release|Any CPU.ActiveCfg = Release|Any CPU
		{2B8A3C64-9F4E-4CC5-9466-AFFD8E676D2E}.Release|Any CPU.Build.0 = Release|Any CPU
		{557701A5-35D8-4CE3-BA75-D5412B4227F5}.Debug|Any CPU.ActiveCfg = Debug|Any CPU
		{557701A5-35D8-4CE3-BA75-D5412B4227F5}.Debug|Any CPU.Build.0 = Debug|Any CPU
		{557701A5-35D8-4CE3-BA75-D5412B4227F5}.Release|Any CPU.ActiveCfg = Release|Any CPU
		{557701A5-35D8-4CE3-BA75-D5412B4227F5}.Release|Any CPU.Build.0 = Release|Any CPU
	EndGlobalSection
	GlobalSection(SolutionProperties) = preSolution
		HideSolutionNode = FALSE
	EndGlobalSection
	GlobalSection(ExtensibilityGlobals) = postSolution
		SolutionGuid = {DE04DB59-B8CD-4305-875B-E71442345CCF}
	EndGlobalSection
EndGlobal
