
Microsoft Visual Studio Solution File, Format Version 12.00
# Visual Studio Version 16
VisualStudioVersion = 25.0.1705.3
MinimumVisualStudioVersion = 10.0.40219.1
Project("{FAE04EC0-301F-11D3-BF4B-00C04F79EFBC}") = "Elsa.SemanticKernel", "Elsa.SemanticKernel.csproj", "{9B5A7ECD-F83F-4AF2-8FD7-413FBFEE9509}"
EndProject
Global
	GlobalSection(SolutionConfigurationPlatforms) = preSolution
		Debug|Any CPU = Debug|Any CPU
		Release|Any CPU = Release|Any CPU
	EndGlobalSection
	GlobalSection(ProjectConfigurationPlatforms) = postSolution
		{9B5A7ECD-F83F-4AF2-8FD7-413FBFEE9509}.Debug|Any CPU.ActiveCfg = Debug|Any CPU
		{9B5A7ECD-F83F-4AF2-8FD7-413FBFEE9509}.Debug|Any CPU.Build.0 = Debug|Any CPU
		{9B5A7ECD-F83F-4AF2-8FD7-413FBFEE9509}.Release|Any CPU.ActiveCfg = Release|Any CPU
		{9B5A7ECD-F83F-4AF2-8FD7-413FBFEE9509}.Release|Any CPU.Build.0 = Release|Any CPU
	EndGlobalSection
	GlobalSection(SolutionProperties) = preSolution
		HideSolutionNode = FALSE
	EndGlobalSection
	GlobalSection(ExtensibilityGlobals) = postSolution
		SolutionGuid = {EDCC8E64-CF64-4C18-A00D-43F896A0C8FD}
	EndGlobalSection
EndGlobal
