Microsoft Visual Studio Solution File, Format Version 12.00
# Visual Studio Version 17
VisualStudioVersion = 17.8.0.0
MinimumVisualStudioVersion = 17.8.0.0
Project("{9A19103F-16F7-4668-BE54-9A1E7A4F7556}") = "HelloPythonAgent.AppHost", "HelloPythonAgent.AppHost\HelloPythonAgent.AppHost.csproj", "{109149B5-573D-49D4-A41E-72AB7070BE9D}"
EndProject
Project("{9A19103F-16F7-4668-BE54-9A1E7A4F7556}") = "HelloPythonAgent.ServiceDefaults", "HelloPythonAgent.ServiceDefaults\HelloPythonAgent.ServiceDefaults.csproj", "{1233A964-E549-41B3-85D8-D46C76A28B06}"
EndProject
Global
	GlobalSection(SolutionConfigurationPlatforms) = preSolution
		Debug|Any CPU = Debug|Any CPU
		Release|Any CPU = Release|Any CPU
	EndGlobalSection
	GlobalSection(ProjectConfigurationPlatforms) = postSolution
		{109149B5-573D-49D4-A41E-72AB7070BE9D}.Debug|Any CPU.ActiveCfg = Debug|Any CPU
		{109149B5-573D-49D4-A41E-72AB7070BE9D}.Debug|Any CPU.Build.0 = Debug|Any CPU
		{109149B5-573D-49D4-A41E-72AB7070BE9D}.Release|Any CPU.ActiveCfg = Release|Any CPU
		{109149B5-573D-49D4-A41E-72AB7070BE9D}.Release|Any CPU.Build.0 = Release|Any CPU
		{1233A964-E549-41B3-85D8-D46C76A28B06}.Debug|Any CPU.ActiveCfg = Debug|Any CPU
		{1233A964-E549-41B3-85D8-D46C76A28B06}.Debug|Any CPU.Build.0 = Debug|Any CPU
		{1233A964-E549-41B3-85D8-D46C76A28B06}.Release|Any CPU.ActiveCfg = Release|Any CPU
		{1233A964-E549-41B3-85D8-D46C76A28B06}.Release|Any CPU.Build.0 = Release|Any CPU
	EndGlobalSection
	GlobalSection(SolutionProperties) = preSolution
		HideSolutionNode = FALSE
	EndGlobalSection
	GlobalSection(ExtensibilityGlobals) = postSolution
		SolutionGuid = {C18A43A3-5D53-430F-9B77-65458734F0AB}
	EndGlobalSection
EndGlobal
