
Microsoft Visual Studio Solution File, Format Version 12.00
# Visual Studio Version 17
VisualStudioVersion = 17.0.31903.59
MinimumVisualStudioVersion = 10.0.40219.1
Project("{2150E333-8FDC-42A3-9474-1A3956D46DE8}") = "Greeter", "Greeter", "{7A8735DB-D651-4A24-8550-74600607F2EF}"
EndProject
Project("{FAE04EC0-301F-11D3-BF4B-00C04F79EFBC}") = "Greeter.AgentHost", "Greeter\Greeter.AgentHost\Greeter.AgentHost.csproj", "{17B6C843-F3E2-4FA6-8A0B-B1C0C123188A}"
EndProject
Project("{FAE04EC0-301F-11D3-BF4B-00C04F79EFBC}") = "Greeter.AgentWorker", "Greeter\Greeter.AgentWorker\Greeter.AgentWorker.csproj", "{9DEA56F1-B1A0-40B3-AE4C-B05CD999CF62}"
EndProject
Project("{FAE04EC0-301F-11D3-BF4B-00C04F79EFBC}") = "Greeter.AppHost", "Greeter\Greeter.AppHost\Greeter.AppHost.csproj", "{DE94A508-0D6D-40E2-B816-0D444B14B021}"
EndProject
Project("{FAE04EC0-301F-11D3-BF4B-00C04F79EFBC}") = "Greeter.ServiceDefaults", "Greeter\Greeter.ServiceDefaults\Greeter.ServiceDefaults.csproj", "{44FB2624-823E-496C-AF02-66C236DFCB75}"
EndProject
Project("{2150E333-8FDC-42A3-9474-1A3956D46DE8}") = "dev-team", "dev-team", "{FF6FB488-9226-401C-80EE-D07E5B7F2525}"
EndProject
Project("{FAE04EC0-301F-11D3-BF4B-00C04F79EFBC}") = "DevTeam.AgentHost", "dev-team\DevTeam.AgentHost\DevTeam.AgentHost.csproj", "{FB5A29C6-C158-4D4F-A667-835AC7CC08B6}"
EndProject
Project("{FAE04EC0-301F-11D3-BF4B-00C04F79EFBC}") = "DevTeam.Agents", "dev-team\DevTeam.Agents\DevTeam.Agents.csproj", "{E65C4663-85C7-49AB-98BA-A2F2AEA4CE20}"
EndProject
Project("{FAE04EC0-301F-11D3-BF4B-00C04F79EFBC}") = "DevTeam.AppHost", "dev-team\DevTeam.AppHost\DevTeam.AppHost.csproj", "{9AF452B8-3EFC-483F-8BBF-6A6C4B0AAE26}"
EndProject
Project("{FAE04EC0-301F-11D3-BF4B-00C04F79EFBC}") = "DevTeam.Backend", "dev-team\DevTeam.Backend\DevTeam.Backend.csproj", "{3A6EA1D2-26CE-4B74-928D-B3A9119FE267}"
EndProject
Project("{FAE04EC0-301F-11D3-BF4B-00C04F79EFBC}") = "DevTeam.ServiceDefaults", "dev-team\DevTeam.ServiceDefaults\DevTeam.ServiceDefaults.csproj", "{E9A80E91-72D9-4262-B031-E4C1C90B86F8}"
EndProject
Project("{FAE04EC0-301F-11D3-BF4B-00C04F79EFBC}") = "DevTeam.Shared", "dev-team\DevTeam.Shared\DevTeam.Shared.csproj", "{5EE4794D-FBE6-4B8F-A255-3669A2A445E9}"
EndProject
Project("{FAE04EC0-301F-11D3-BF4B-00C04F79EFBC}") = "seed-memory", "dev-team\seed-memory\seed-memory.csproj", "{EA13D415-4E1C-4358-AE18-30B7AF5E8CA5}"
EndProject
Global
	GlobalSection(SolutionConfigurationPlatforms) = preSolution
		Debug|Any CPU = Debug|Any CPU
		Release|Any CPU = Release|Any CPU
	EndGlobalSection
	GlobalSection(SolutionProperties) = preSolution
		HideSolutionNode = FALSE
	EndGlobalSection
	GlobalSection(ProjectConfigurationPlatforms) = postSolution
		{17B6C843-F3E2-4FA6-8A0B-B1C0C123188A}.Debug|Any CPU.ActiveCfg = Debug|Any CPU
		{17B6C843-F3E2-4FA6-8A0B-B1C0C123188A}.Debug|Any CPU.Build.0 = Debug|Any CPU
		{17B6C843-F3E2-4FA6-8A0B-B1C0C123188A}.Release|Any CPU.ActiveCfg = Release|Any CPU
		{17B6C843-F3E2-4FA6-8A0B-B1C0C123188A}.Release|Any CPU.Build.0 = Release|Any CPU
		{9DEA56F1-B1A0-40B3-AE4C-B05CD999CF62}.Debug|Any CPU.ActiveCfg = Debug|Any CPU
		{9DEA56F1-B1A0-40B3-AE4C-B05CD999CF62}.Debug|Any CPU.Build.0 = Debug|Any CPU
		{9DEA56F1-B1A0-40B3-AE4C-B05CD999CF62}.Release|Any CPU.ActiveCfg = Release|Any CPU
		{9DEA56F1-B1A0-40B3-AE4C-B05CD999CF62}.Release|Any CPU.Build.0 = Release|Any CPU
		{DE94A508-0D6D-40E2-B816-0D444B14B021}.Debug|Any CPU.ActiveCfg = Debug|Any CPU
		{DE94A508-0D6D-40E2-B816-0D444B14B021}.Debug|Any CPU.Build.0 = Debug|Any CPU
		{DE94A508-0D6D-40E2-B816-0D444B14B021}.Release|Any CPU.ActiveCfg = Release|Any CPU
		{DE94A508-0D6D-40E2-B816-0D444B14B021}.Release|Any CPU.Build.0 = Release|Any CPU
		{44FB2624-823E-496C-AF02-66C236DFCB75}.Debug|Any CPU.ActiveCfg = Debug|Any CPU
		{44FB2624-823E-496C-AF02-66C236DFCB75}.Debug|Any CPU.Build.0 = Debug|Any CPU
		{44FB2624-823E-496C-AF02-66C236DFCB75}.Release|Any CPU.ActiveCfg = Release|Any CPU
		{44FB2624-823E-496C-AF02-66C236DFCB75}.Release|Any CPU.Build.0 = Release|Any CPU
		{FB5A29C6-C158-4D4F-A667-835AC7CC08B6}.Debug|Any CPU.ActiveCfg = Debug|Any CPU
		{FB5A29C6-C158-4D4F-A667-835AC7CC08B6}.Debug|Any CPU.Build.0 = Debug|Any CPU
		{FB5A29C6-C158-4D4F-A667-835AC7CC08B6}.Release|Any CPU.ActiveCfg = Release|Any CPU
		{FB5A29C6-C158-4D4F-A667-835AC7CC08B6}.Release|Any CPU.Build.0 = Release|Any CPU
		{E65C4663-85C7-49AB-98BA-A2F2AEA4CE20}.Debug|Any CPU.ActiveCfg = Debug|Any CPU
		{E65C4663-85C7-49AB-98BA-A2F2AEA4CE20}.Debug|Any CPU.Build.0 = Debug|Any CPU
		{E65C4663-85C7-49AB-98BA-A2F2AEA4CE20}.Release|Any CPU.ActiveCfg = Release|Any CPU
		{E65C4663-85C7-49AB-98BA-A2F2AEA4CE20}.Release|Any CPU.Build.0 = Release|Any CPU
		{9AF452B8-3EFC-483F-8BBF-6A6C4B0AAE26}.Debug|Any CPU.ActiveCfg = Debug|Any CPU
		{9AF452B8-3EFC-483F-8BBF-6A6C4B0AAE26}.Debug|Any CPU.Build.0 = Debug|Any CPU
		{9AF452B8-3EFC-483F-8BBF-6A6C4B0AAE26}.Release|Any CPU.ActiveCfg = Release|Any CPU
		{9AF452B8-3EFC-483F-8BBF-6A6C4B0AAE26}.Release|Any CPU.Build.0 = Release|Any CPU
		{3A6EA1D2-26CE-4B74-928D-B3A9119FE267}.Debug|Any CPU.ActiveCfg = Debug|Any CPU
		{3A6EA1D2-26CE-4B74-928D-B3A9119FE267}.Debug|Any CPU.Build.0 = Debug|Any CPU
		{3A6EA1D2-26CE-4B74-928D-B3A9119FE267}.Release|Any CPU.ActiveCfg = Release|Any CPU
		{3A6EA1D2-26CE-4B74-928D-B3A9119FE267}.Release|Any CPU.Build.0 = Release|Any CPU
		{E9A80E91-72D9-4262-B031-E4C1C90B86F8}.Debug|Any CPU.ActiveCfg = Debug|Any CPU
		{E9A80E91-72D9-4262-B031-E4C1C90B86F8}.Debug|Any CPU.Build.0 = Debug|Any CPU
		{E9A80E91-72D9-4262-B031-E4C1C90B86F8}.Release|Any CPU.ActiveCfg = Release|Any CPU
		{E9A80E91-72D9-4262-B031-E4C1C90B86F8}.Release|Any CPU.Build.0 = Release|Any CPU
		{5EE4794D-FBE6-4B8F-A255-3669A2A445E9}.Debug|Any CPU.ActiveCfg = Debug|Any CPU
		{5EE4794D-FBE6-4B8F-A255-3669A2A445E9}.Debug|Any CPU.Build.0 = Debug|Any CPU
		{5EE4794D-FBE6-4B8F-A255-3669A2A445E9}.Release|Any CPU.ActiveCfg = Release|Any CPU
		{5EE4794D-FBE6-4B8F-A255-3669A2A445E9}.Release|Any CPU.Build.0 = Release|Any CPU
		{EA13D415-4E1C-4358-AE18-30B7AF5E8CA5}.Debug|Any CPU.ActiveCfg = Debug|Any CPU
		{EA13D415-4E1C-4358-AE18-30B7AF5E8CA5}.Debug|Any CPU.Build.0 = Debug|Any CPU
		{EA13D415-4E1C-4358-AE18-30B7AF5E8CA5}.Release|Any CPU.ActiveCfg = Release|Any CPU
		{EA13D415-4E1C-4358-AE18-30B7AF5E8CA5}.Release|Any CPU.Build.0 = Release|Any CPU
	EndGlobalSection
	GlobalSection(NestedProjects) = preSolution
		{17B6C843-F3E2-4FA6-8A0B-B1C0C123188A} = {7A8735DB-D651-4A24-8550-74600607F2EF}
		{9DEA56F1-B1A0-40B3-AE4C-B05CD999CF62} = {7A8735DB-D651-4A24-8550-74600607F2EF}
		{DE94A508-0D6D-40E2-B816-0D444B14B021} = {7A8735DB-D651-4A24-8550-74600607F2EF}
		{44FB2624-823E-496C-AF02-66C236DFCB75} = {7A8735DB-D651-4A24-8550-74600607F2EF}
		{FB5A29C6-C158-4D4F-A667-835AC7CC08B6} = {FF6FB488-9226-401C-80EE-D07E5B7F2525}
		{E65C4663-85C7-49AB-98BA-A2F2AEA4CE20} = {FF6FB488-9226-401C-80EE-D07E5B7F2525}
		{9AF452B8-3EFC-483F-8BBF-6A6C4B0AAE26} = {FF6FB488-9226-401C-80EE-D07E5B7F2525}
		{3A6EA1D2-26CE-4B74-928D-B3A9119FE267} = {FF6FB488-9226-401C-80EE-D07E5B7F2525}
		{E9A80E91-72D9-4262-B031-E4C1C90B86F8} = {FF6FB488-9226-401C-80EE-D07E5B7F2525}
		{5EE4794D-FBE6-4B8F-A255-3669A2A445E9} = {FF6FB488-9226-401C-80EE-D07E5B7F2525}
		{EA13D415-4E1C-4358-AE18-30B7AF5E8CA5} = {FF6FB488-9226-401C-80EE-D07E5B7F2525}
	EndGlobalSection
EndGlobal
